# platform: linux-64
# env_hash: 3e35ae5e2f562ff8436026da18b46c1105aef01abc181fa55a4531155af157de

@EXPLICIT

https://repo.anaconda.com/pkgs/main/linux-64/_libgcc_mutex-0.1-main.conda#c3473ff8bdb3d124ed5ff11ec380d6f9
https://repo.anaconda.com/pkgs/main/linux-64/_py-xgboost-mutex-2.0-cpu_0.conda#679b6a89372923b19b87392d0c01e79e
https://repo.anaconda.com/pkgs/main/linux-64/blas-1.0-mkl.conda#9a7a051e9bd41da46523acb017d8a517
https://repo.anaconda.com/pkgs/main/linux-64/ca-certificates-2021.4.13-h06a4308_1.conda#d6952de0f4013b4e0edc84e9b61613f4
https://repo.anaconda.com/pkgs/main/linux-64/intel-openmp-2021.2.0-h06a4308_610.conda#39673e59a1d6195fa3a7aff31ea0ab52
https://repo.anaconda.com/pkgs/main/linux-64/ld_impl_linux-64-2.33.1-h53a641e_7.conda#ae7fa9dd2ad15b81ab2ba25fe264bcb0
https://repo.anaconda.com/pkgs/main/linux-64/libgfortran-ng-7.3.0-hdf63c60_0.conda#e3e10877b7ee2bdd3f67f6d4d4e32e00
https://repo.anaconda.com/pkgs/main/linux-64/libstdcxx-ng-9.1.0-hdf63c60_0.conda#c3efd14430bedbe0a036a899f50cec7f
https://repo.anaconda.com/pkgs/main/linux-64/pandoc-2.12-h06a4308_0.conda#b1de5a57d2bd761d1bf03bb89a12a933
https://repo.anaconda.com/pkgs/main/linux-64/libgcc-ng-9.1.0-hdf63c60_0.conda#80a23105874059534307086faae566c5
https://repo.anaconda.com/pkgs/main/linux-64/mkl-2020.2-256.conda#a73b6cbcdbcc8f4a10d5b46181f418bb
https://repo.anaconda.com/pkgs/main/linux-64/binutils_impl_linux-64-2.33.1-he6710b0_7.conda#5391fac57187954a295288d895bc4ac8
https://repo.anaconda.com/pkgs/main/linux-64/brotli-1.0.9-he6710b0_2.conda#6513a2c97bd29ec2978d163c7e1f7932
https://repo.anaconda.com/pkgs/main/linux-64/bzip2-1.0.8-h7b6447c_0.conda#9303f4af7c004e069bae22bde8d800ee
https://repo.anaconda.com/pkgs/main/linux-64/c-ares-1.17.1-h27cfd23_0.conda#5e5b4f78e590914237307029282c971b
https://repo.anaconda.com/pkgs/main/linux-64/double-conversion-3.1.5-he6710b0_1.conda#7997b27a33f772d5a6aac26f7ccf849f
https://repo.anaconda.com/pkgs/main/linux-64/expat-2.3.0-h2531618_2.conda#ba5b1fda80a3db1f2e3dd3afbc579fab
https://repo.anaconda.com/pkgs/main/linux-64/fribidi-1.0.10-h7b6447c_0.conda#1b4851703971b3d43acdcc9c72777575
https://repo.anaconda.com/pkgs/main/linux-64/gflags-2.2.2-he6710b0_0.conda#2466b20a8801c41450ee622c1ad103f4
https://repo.anaconda.com/pkgs/main/linux-64/graphite2-1.3.14-h23475e2_0.conda#382df96314e71de30787a522893283f0
https://repo.anaconda.com/pkgs/main/linux-64/icu-58.2-he6710b0_3.conda#48cc14d5ad1a9bcd8dac17211a8deb8b
https://repo.anaconda.com/pkgs/main/linux-64/jpeg-9b-h024ee3a_2.conda#d8f003a909108eaa4a6d898dacb740f8
https://repo.anaconda.com/pkgs/main/linux-64/libffi-3.2.1-hf484d3e_1007.conda#ef4c7b437f50a1ab4920dc313d8ebc28
https://repo.anaconda.com/pkgs/main/linux-64/libgpuarray-0.7.6-h14c3975_0.conda#3d5eaae0d05b246851b31b3d03f77c18
https://repo.anaconda.com/pkgs/main/linux-64/libsodium-1.0.18-h7b6447c_0.conda#c8783b20f0e14bc1d701352c26c264d5
https://repo.anaconda.com/pkgs/main/linux-64/libuuid-1.0.3-h1bed415_2.conda#c7eb74a82210554559774327088c2582
https://repo.anaconda.com/pkgs/main/linux-64/libxcb-1.14-h7b6447c_0.conda#05811f2f9a9af28f3d7d665dca4d573e
https://conda.anaconda.org/conda-forge/linux-64/libxgboost-1.2.0-he1b5a44_0.tar.bz2#8c4b722a39c441f571b716134764bceb
https://repo.anaconda.com/pkgs/main/linux-64/lz4-c-1.8.1.2-h14c3975_0.conda#19dfb87e3259ebded29f87e4b60ac2df
https://repo.anaconda.com/pkgs/main/linux-64/ncurses-6.2-he6710b0_1.conda#b7ddf5ee3934b7f54620e8f6c0ee8a95
https://repo.anaconda.com/pkgs/main/linux-64/nodejs-10.13.0-he6710b0_0.conda#5a6606a52db2fa6a99ca1df5bb4b73dd
https://repo.anaconda.com/pkgs/main/linux-64/openssl-1.1.1k-h27cfd23_0.conda#9c1822b18564cdc68c493366da6f46f4
https://repo.anaconda.com/pkgs/main/linux-64/pcre-8.44-he6710b0_0.conda#e337926bb92177a2a3aded95a895470d
https://repo.anaconda.com/pkgs/main/linux-64/pixman-0.40.0-h7b6447c_0.conda#d0795722579384430a722ab916695e3e
https://repo.anaconda.com/pkgs/main/linux-64/re2-2020.11.01-h2531618_1.conda#19d3a013a32bc4cffe922e7d13c4984c
https://repo.anaconda.com/pkgs/main/linux-64/snappy-1.1.8-he6710b0_0.conda#ae25e5e0fe1cc047fff7314df6bc1368
https://repo.anaconda.com/pkgs/main/linux-64/tbb-2020.3-hfd86e86_0.conda#7d06fdc8b4f3e389f26f67311c7ccf5f
https://repo.anaconda.com/pkgs/main/linux-64/uriparser-0.9.3-he6710b0_1.conda#6aacd7a5a8e9eb685de5590478ee9844
https://repo.anaconda.com/pkgs/main/linux-64/xz-5.2.5-h7b6447c_0.conda#73a16ea8ba890175a1ce94a3a87c8f68
https://repo.anaconda.com/pkgs/main/linux-64/yaml-0.2.5-h7b6447c_0.conda#39fdbf4db769e494ffb06d95680c83d8
https://repo.anaconda.com/pkgs/main/linux-64/zlib-1.2.11-h7b6447c_3.conda#50aa4407424985d56ec8ae2f94626aa9
https://repo.anaconda.com/pkgs/main/linux-64/binutils_linux-64-2.33.1-h9595d00_15.conda#2c6a6d3a84766aad02715b677c151630
https://repo.anaconda.com/pkgs/main/linux-64/gcc_impl_linux-64-7.3.0-habb00fd_1.conda#e24fbc909241689b3343957585eb92cb
https://repo.anaconda.com/pkgs/main/linux-64/glib-2.63.1-h5a9c865_0.conda#c05e1fa89ebacdd19c8ec896cfff59ed
https://repo.anaconda.com/pkgs/main/linux-64/glog-0.4.0-he6710b0_0.conda#eb355e0640f0e3868b2470f5536834fd
https://repo.anaconda.com/pkgs/main/linux-64/hdf4-4.2.13-h3ca952b_2.conda#99f7b578c71893c6ffbe359499374048
https://repo.anaconda.com/pkgs/main/linux-64/hdf5-1.10.6-hb1b8bf9_0.conda#a496f7ed2cbb6fb069b005f4df3c0cff
https://repo.anaconda.com/pkgs/main/linux-64/libedit-3.1.20210216-h27cfd23_1.conda#e04d04ddd875c3877eaad0d94b250166
https://repo.anaconda.com/pkgs/main/linux-64/libevent-2.1.8-h1ba5d50_1.conda#1f3482ea86898a99d3425f3fef188ae0
https://repo.anaconda.com/pkgs/main/linux-64/libllvm10-10.0.1-hbcb73fb_5.conda#198e840fc17a5bff7f1ee543ee1981b2
https://repo.anaconda.com/pkgs/main/linux-64/libpng-1.6.37-hbc83047_0.conda#689f903925dcf6c5ab7bc1de0f58b67b
https://repo.anaconda.com/pkgs/main/linux-64/libprotobuf-3.11.2-hd408876_0.conda#e1c771222b3e76f834025cbca2ce6c13
https://repo.anaconda.com/pkgs/main/linux-64/libssh2-1.9.0-h1ba5d50_1.conda#f20d2c2f77ee95f800cf0e932af216ab
https://repo.anaconda.com/pkgs/main/linux-64/libxml2-2.9.10-hb55368b_3.conda#5cc9d595a9d91c2f5c1d722252e27343
https://repo.anaconda.com/pkgs/main/linux-64/readline-8.1-h27cfd23_0.conda#715789a38d447bc0cccc936209ac78c0
https://repo.anaconda.com/pkgs/main/linux-64/tk-8.6.10-hbc83047_0.conda#9ba14aaba4818a66c820f85f5bf34ca0
https://repo.anaconda.com/pkgs/main/linux-64/zeromq-4.3.4-h2531618_0.conda#45ce422428d9c98f354aec4b5cbd1046
https://repo.anaconda.com/pkgs/main/linux-64/zstd-1.3.7-h0b5b093_0.conda#9789e38cd4216c52f7d740625c49de79
https://repo.anaconda.com/pkgs/main/linux-64/dbus-1.13.18-hb2f20db_0.conda#6a6a6f1391f807847404344489ef6cf4
https://repo.anaconda.com/pkgs/main/linux-64/freetype-2.10.4-h5ab3b9f_0.conda#bef0ea8b3abc9d84674733a3ca426865
https://repo.anaconda.com/pkgs/main/linux-64/gcc_linux-64-7.3.0-h553295d_15.conda#26697dc38e05d06a3a2da1670c527811
https://repo.anaconda.com/pkgs/main/linux-64/grpc-cpp-1.26.0-hf8bcb03_0.conda#702e32bb677c6d51ae3d3460af84035d
https://repo.anaconda.com/pkgs/main/linux-64/gstreamer-1.14.0-hb453b48_1.conda#e9b8ad6885e6a342de09c9168bf30e8a
https://repo.anaconda.com/pkgs/main/linux-64/gxx_impl_linux-64-7.3.0-hdf63c60_1.conda#45e233ce123935461a36f32d6f6852aa
https://repo.anaconda.com/pkgs/main/linux-64/krb5-1.18.2-h173b8e3_0.conda#bdc8a1097a9056bbf908c8d82b1c4d43
https://repo.anaconda.com/pkgs/main/linux-64/libboost-1.71.0-h97c9712_0.conda#84f42933afe522d10d569bcb746da7c0
https://repo.anaconda.com/pkgs/main/linux-64/libtiff-4.1.0-h2733197_0.conda#65d8d208ac6aa09fe90318e7ad3b5a8f
https://repo.anaconda.com/pkgs/main/linux-64/libxslt-1.1.34-hc22bd24_0.conda#9bc13800c7779f0d6a12bed3048c6aee
https://repo.anaconda.com/pkgs/main/linux-64/sqlite-3.35.4-hdfb4753_0.conda#390226b113ecaf216cc7a18aa11d7297
https://repo.anaconda.com/pkgs/main/linux-64/thrift-cpp-0.11.0-h02b749d_3.conda#31b301e6cf2c7d1929c45640995f2b1a
https://repo.anaconda.com/pkgs/main/linux-64/boost-cpp-1.71.0-h7b6447c_0.conda#579c364ca87d9c16ef50c29ae41e5708
https://repo.anaconda.com/pkgs/main/linux-64/fontconfig-2.13.1-h6c09931_0.conda#fa04e89166d4b44326c6d76e2f708715
https://repo.anaconda.com/pkgs/main/linux-64/gst-plugins-base-1.14.0-hbbd80ab_1.conda#4461ffa28478fe3ca9d0bea4e3395ed8
https://repo.anaconda.com/pkgs/main/linux-64/gxx_linux-64-7.3.0-h553295d_15.conda#4dde80b0f7aa6e16d289a9cb768f014e
https://repo.anaconda.com/pkgs/main/linux-64/lcms2-2.12-h3be6417_0.conda#719db47afba9f6586eecb5eacac70bff
https://repo.anaconda.com/pkgs/main/linux-64/libcurl-7.71.1-h20c2e04_1.conda#d93429a1f4045317512d7aa126015ea5
https://repo.anaconda.com/pkgs/main/linux-64/python-3.7.7-hcf32534_0_cpython.conda#a07f1efe966443589c4311a2619cdb59
https://repo.anaconda.com/pkgs/main/linux-64/alabaster-0.7.12-py37_0.conda#9c4a38dfb2328c1a74d64cd07879e232
https://repo.anaconda.com/pkgs/main/noarch/appdirs-1.4.4-py_0.conda#483878b172607008f5f8e3bfded615bc
https://repo.anaconda.com/pkgs/main/noarch/asn1crypto-1.4.0-py_0.conda#d36ab1e53d5b6e555761287f6a7d316e
https://repo.anaconda.com/pkgs/main/noarch/attrs-20.1.0-py_0.conda#5b08a6cd5c88041924a235d430692e71
https://repo.anaconda.com/pkgs/main/noarch/backcall-0.2.0-pyhd3eb1b0_0.tar.bz2#b2aa5503875aba2f1d88cae9df9a96d5
https://repo.anaconda.com/pkgs/main/linux-64/blinker-1.4-py37h06a4308_0.conda#5c6025ad1ce540a52edc63ae25f8cf58
https://repo.anaconda.com/pkgs/main/linux-64/cairo-1.14.12-h8948797_3.conda#3436994526c285053941c46049cd943c
https://repo.anaconda.com/pkgs/main/linux-64/certifi-2020.12.5-py37h06a4308_0.conda#7141e36776976ba17fcf6859f840cdfd
https://repo.anaconda.com/pkgs/main/linux-64/chardet-3.0.4-py37h06a4308_1003.conda#50b99f90d89e60ec60c169a8b0999101
https://repo.anaconda.com/pkgs/main/noarch/click-7.1.2-pyhd3eb1b0_0.tar.bz2#62c4d9050c9d92ac315a9ae52ec9c0df
https://repo.anaconda.com/pkgs/main/noarch/cloudpickle-1.6.0-py_0.conda#4af8dd70369256b84ed5cdb100871d85
https://repo.anaconda.com/pkgs/main/noarch/configparser-5.0.2-pyhd3eb1b0_0.conda#f7d888579e016fbaa71df2854db26f79
https://repo.anaconda.com/pkgs/main/linux-64/curl-7.71.1-hbc83047_1.conda#4cfd3878496b511a0da4541cd6fffa6b
https://repo.anaconda.com/pkgs/main/noarch/decorator-5.0.6-pyhd3eb1b0_0.conda#96c492fc92916fb38eda8791158eecd8
https://repo.anaconda.com/pkgs/main/noarch/defusedxml-0.7.1-pyhd3eb1b0_0.conda#d912068b0729930972adcaac338882c0
https://repo.anaconda.com/pkgs/main/linux-64/docutils-0.16-py37_1.conda#4b6913fcc7ca96a38026063ac7e695f5
https://repo.anaconda.com/pkgs/main/linux-64/entrypoints-0.3-py37_0.conda#08cfc83df40ff022d64e2bc1ac9aecac
https://conda.anaconda.org/conda-forge/noarch/fastprogress-1.0.0-py_0.tar.bz2#0765c7a36e7ed365cab77858c9fba1b7
https://repo.anaconda.com/pkgs/main/noarch/fsspec-0.7.4-py_0.conda#7b21ab063e5c78b0ba7b1e10aa84886a
https://conda.anaconda.org/conda-forge/noarch/gorilla-0.4.0-pyhd8ed1ab_0.tar.bz2#9efc8071164444727c1f9bc91efc4871
https://repo.anaconda.com/pkgs/main/noarch/heapdict-1.0.1-py_0.conda#ad144fb43ed5d9cf77c55f373642fd0e
https://repo.anaconda.com/pkgs/main/noarch/idna-2.10-pyhd3eb1b0_0.tar.bz2#153ff132f593ea80aae2eea61a629c92
https://repo.anaconda.com/pkgs/main/noarch/imagesize-1.2.0-pyhd3eb1b0_0.tar.bz2#fbaa04b71997a27f9c9572b9ad52af22
https://repo.anaconda.com/pkgs/main/noarch/iniconfig-1.1.1-pyhd3eb1b0_0.tar.bz2#e40edff2c5708f342cef43c7f280c507
https://repo.anaconda.com/pkgs/main/linux-64/invoke-1.3.0-py37_0.conda#929fb5f426d905f0baeabe175a61e237
https://repo.anaconda.com/pkgs/main/noarch/ipython_genutils-0.2.0-pyhd3eb1b0_1.conda#553832c0b872a28088a0001fa2ba3822
https://repo.anaconda.com/pkgs/main/linux-64/itsdangerous-1.1.0-py37_0.conda#825f0156e3d79837d56c85890ba9822b
https://repo.anaconda.com/pkgs/main/noarch/json5-0.9.5-py_0.conda#8059103c4ea13b8a57462e434054d05d
https://repo.anaconda.com/pkgs/main/noarch/jsonpointer-2.1-pyhd3eb1b0_0.conda#298ff809e733cb04366e4e629c65aa8d
https://repo.anaconda.com/pkgs/main/noarch/jupyterlab_widgets-1.0.0-pyhd3eb1b0_1.conda#9b1fcf8e060e6f4b05dce4b172259168
https://repo.anaconda.com/pkgs/main/linux-64/kiwisolver-1.3.1-py37h2531618_0.conda#0295ac991a681fdb7b60edf03799339c
https://repo.anaconda.com/pkgs/main/linux-64/llvmlite-0.36.0-py37h612dafd_4.conda#648d48e0a3ba2b4b63cd653f9f3234ed
https://repo.anaconda.com/pkgs/main/linux-64/locket-0.2.1-py37h06a4308_1.conda#cf72cb836da6f8da6a211b4d1515d615
https://repo.anaconda.com/pkgs/main/linux-64/lxml-4.6.1-py37hefd8a0e_0.conda#b1879f2fed13232012bc0c157115c050
https://repo.anaconda.com/pkgs/main/linux-64/markupsafe-1.1.1-py37h14c3975_1.conda#7742ab22652ae403e21b8d940c1d335d
https://repo.anaconda.com/pkgs/main/linux-64/mccabe-0.6.1-py37_1.conda#c12d643fcdd833be4b997b28c3484e41
https://repo.anaconda.com/pkgs/main/linux-64/mistune-0.8.4-py37h14c3975_1001.conda#55d5c9b98d75bd939a054374f21cac19
https://repo.anaconda.com/pkgs/main/noarch/more-itertools-8.5.0-py_0.conda#422baf0310fb3da057ee3c33b67a3943
https://repo.anaconda.com/pkgs/main/linux-64/msgpack-python-1.0.2-py37hff7bd54_1.conda#d513d440b4808cf814dc65a9ac4da61b
https://repo.anaconda.com/pkgs/main/linux-64/mypy_extensions-0.4.3-py37_0.conda#7499e5f754ddbc70f34bdad6da87c86f
https://repo.anaconda.com/pkgs/main/noarch/natsort-7.1.1-pyhd3eb1b0_0.conda#f30b3c8d8553e5551c573124b7d8207e
https://repo.anaconda.com/pkgs/main/noarch/nose-1.3.7-pyhd3eb1b0_1006.conda#f7bdb20dcca25f2ec8e330b555cccc7c
https://repo.anaconda.com/pkgs/main/linux-64/olefile-0.46-py37_0.conda#9a0c0faad20393a813e10c731325eadf
https://repo.anaconda.com/pkgs/main/linux-64/pandocfilters-1.4.3-py37h06a4308_1.conda#99a6508435bac0a83d3dbdd9c0a85d60
https://repo.anaconda.com/pkgs/main/noarch/param-1.9.3-py_0.conda#a789e9a8b429af89816342eecfc406de
https://repo.anaconda.com/pkgs/main/noarch/parso-0.8.2-pyhd3eb1b0_0.conda#61b08919ce91e786d6e8c0a413fad2c8
https://repo.anaconda.com/pkgs/main/noarch/pathspec-0.7.0-py_0.conda#948c37b334786989007133a6e07800bc
https://repo.anaconda.com/pkgs/main/noarch/pickleshare-0.7.5-pyhd3eb1b0_1003.conda#4a6363fd8dda664b95f99f7c5aa95abc
https://repo.anaconda.com/pkgs/main/linux-64/ply-3.11-py37_0.conda#3bdc1cc765a33c321405b37355cdbdf1
https://repo.anaconda.com/pkgs/main/noarch/prometheus_client-0.10.1-pyhd3eb1b0_0.conda#806d64d02b5477f2b008c7b18809601a
https://repo.anaconda.com/pkgs/main/linux-64/psutil-5.8.0-py37h27cfd23_1.conda#81d7a9224b14d8ae07be8042d2118fbc
https://repo.anaconda.com/pkgs/main/noarch/ptyprocess-0.7.0-pyhd3eb1b0_2.conda#7441d2827d4bfbcc1fa308875a146246
https://repo.anaconda.com/pkgs/main/noarch/py-1.9.0-py_0.conda#957dff9d611d06689dba843f7851d617
https://repo.anaconda.com/pkgs/main/noarch/pycodestyle-2.6.0-pyhd3eb1b0_0.tar.bz2#8961906b08fe24e23a7c44fb6ff7b9d2
https://repo.anaconda.com/pkgs/main/noarch/pycparser-2.20-py_2.conda#fcfeb621c6f895f3562ff01d9d6ce959
https://repo.anaconda.com/pkgs/main/noarch/pyflakes-2.2.0-pyhd3eb1b0_0.tar.bz2#3e74ec64e1d3fbc713bf86f616ad63d8
https://repo.anaconda.com/pkgs/main/noarch/pyparsing-2.4.7-pyhd3eb1b0_0.tar.bz2#b4511d563c82fbfb8be42afb8814b144
https://repo.anaconda.com/pkgs/main/linux-64/pyrsistent-0.17.3-py37h7b6447c_0.conda#1e094114fc1d2cbd2ce2f49248781790
https://repo.anaconda.com/pkgs/main/linux-64/pysocks-1.7.1-py37_1.conda#d68cfce2ae084a8184ccf8f0209230b5
https://repo.anaconda.com/pkgs/main/noarch/python-editor-1.0.4-py_0.conda#d95cbbaab596705e9b2606674236f1a6
https://conda.anaconda.org/conda-forge/linux-64/python_abi-3.7-1_cp37m.tar.bz2#658a5c3d766bfc6574480204b10a6f20
https://repo.anaconda.com/pkgs/main/noarch/pytz-2021.1-pyhd3eb1b0_0.conda#d245638e438fd69fc77153cf96d97830
https://repo.anaconda.com/pkgs/main/linux-64/pyyaml-5.4.1-py37h27cfd23_1.conda#0817a039f959290ce939735cd14dd0ac
https://repo.anaconda.com/pkgs/main/linux-64/pyzmq-20.0.0-py37h2531618_1.conda#1915c047de2a607992eb394d270b3ff4
https://repo.anaconda.com/pkgs/main/linux-64/qt-5.9.7-h5867ecd_1.conda#05507dbc35c46ac5a7066fc860a62341
https://repo.anaconda.com/pkgs/main/linux-64/regex-2020.7.14-py37h7b6447c_0.conda#818a8fcc5698e51426caed0b582dd958
https://repo.anaconda.com/pkgs/main/linux-64/ruamel.yaml.clib-0.2.2-py37h7b6447c_0.conda#0e069cfb7f111b0d92a1af1ca3839749
https://repo.anaconda.com/pkgs/main/noarch/send2trash-1.5.0-pyhd3eb1b0_1.conda#0e7ec21f7c16d7119c0e465d8868a549
https://repo.anaconda.com/pkgs/main/linux-64/sip-4.19.8-py37hf484d3e_0.conda#a41603290a87146546d40828e3a3848d
https://repo.anaconda.com/pkgs/main/linux-64/six-1.15.0-py37h06a4308_0.conda#14ad9b343e0f4b95dc341a17aa7a8adc
https://repo.anaconda.com/pkgs/main/noarch/smmap-3.0.4-py_0.conda#19695d2eafc6a7e7d1d5befd67e8dc03
https://repo.anaconda.com/pkgs/main/noarch/snowballstemmer-2.0.0-pyhd3eb1b0_0.tar.bz2#b9e13babb851ece6bd0f328051892868
https://repo.anaconda.com/pkgs/main/noarch/sortedcontainers-2.2.2-py_0.conda#f5e15e97b0457358e404b446b0b18f80
https://repo.anaconda.com/pkgs/main/noarch/sphinxcontrib-applehelp-1.0.2-pyhd3eb1b0_0.tar.bz2#ac923499f97b9a9ab7c672b27cb2a1a8
https://repo.anaconda.com/pkgs/main/noarch/sphinxcontrib-devhelp-1.0.2-pyhd3eb1b0_0.tar.bz2#bc39c2b70430734b5879d6b504e3311f
https://repo.anaconda.com/pkgs/main/noarch/sphinxcontrib-htmlhelp-1.0.3-pyhd3eb1b0_0.tar.bz2#5d5375b4eb1bf67d838c99276d357e60
https://repo.anaconda.com/pkgs/main/noarch/sphinxcontrib-jsmath-1.0.1-pyhd3eb1b0_0.tar.bz2#e43f8de7d6a717935ab220a0c957771d
https://repo.anaconda.com/pkgs/main/noarch/sphinxcontrib-qthelp-1.0.3-pyhd3eb1b0_0.tar.bz2#08d67f73f640b4d1e5e8890a324b60e3
https://repo.anaconda.com/pkgs/main/noarch/sphinxcontrib-serializinghtml-1.1.4-pyhd3eb1b0_0.tar.bz2#23cb92449262df03f8e93cd185f070cf
https://repo.anaconda.com/pkgs/main/linux-64/sqlalchemy-1.3.13-py37h7b6447c_0.conda#9e1c66e03b667ac02e78a3b1e2b59443
https://repo.anaconda.com/pkgs/main/noarch/sqlparse-0.4.1-py_0.conda#37d7ee9f32684a1cb15cddaedd15df33
https://repo.anaconda.com/pkgs/main/linux-64/tabulate-0.8.7-py37h06a4308_0.conda#b1c9f83240ecdf279b55d3fe1ee1a2a2
https://repo.anaconda.com/pkgs/main/noarch/tblib-1.7.0-py_0.conda#d36c5472215891b29e1a678b5f382156
https://repo.anaconda.com/pkgs/main/linux-64/termcolor-1.1.0-py37h06a4308_1.conda#fc42a9dcbe8e4b8577ac6703a12baa62
https://repo.anaconda.com/pkgs/main/noarch/testfixtures-6.14.1-py_0.conda#2f31ead57fe9b3399b4443958fc0d835
https://repo.anaconda.com/pkgs/main/noarch/testpath-0.4.4-pyhd3eb1b0_0.tar.bz2#063b37d548764c4f4a9848bddc525312
https://repo.anaconda.com/pkgs/main/noarch/text-unidecode-1.3-py_0.conda#6cf52550bd71b5aa00a327f253476f27
https://repo.anaconda.com/pkgs/main/noarch/threadpoolctl-2.1.0-pyh5ca1d4c_0.conda#d7fb4986840739d43bfdc97f860464bd
https://repo.anaconda.com/pkgs/main/noarch/toml-0.10.1-py_0.conda#1b644e2153dff00c27514b97d74fbd30
https://repo.anaconda.com/pkgs/main/noarch/toolz-0.11.1-pyhd3eb1b0_0.tar.bz2#00dfc93d10439703a4771d2b6c8624de
https://repo.anaconda.com/pkgs/main/linux-64/tornado-6.1-py37h27cfd23_0.conda#8a4cd3be1eb57b5e750bd0c62bab8a26
https://repo.anaconda.com/pkgs/main/noarch/tqdm-4.48.2-py_0.conda#671f8a4d69ea877adce47f1de7fd1a82
https://repo.anaconda.com/pkgs/main/linux-64/typed-ast-1.4.1-py37h7b6447c_0.conda#9fa0e9301c8f8bf443e2fdadc6eca21a
https://repo.anaconda.com/pkgs/main/noarch/typing_extensions-3.7.4.3-pyh06a4308_0.conda#934f53cad7cc798b1a4c08df403cd2e2
https://repo.anaconda.com/pkgs/main/noarch/unidecode-1.2.0-pyhd3eb1b0_0.conda#139b72f696c02b9eebd60048d242642c
https://repo.anaconda.com/pkgs/main/noarch/wcwidth-0.2.5-py_0.conda#b7c958085cc261c78cf66df14926fafe
https://repo.anaconda.com/pkgs/main/linux-64/webencodings-0.5.1-py37_1.conda#fa2171c719f1d6be393dbe70fb9508fe
https://repo.anaconda.com/pkgs/main/noarch/werkzeug-1.0.1-pyhd3eb1b0_0.tar.bz2#855ae785dd316068d0b6cd3a5a5d2939
https://repo.anaconda.com/pkgs/main/noarch/wheel-0.36.2-pyhd3eb1b0_0.conda#31029affc034e8c7203202417cebd157
https://repo.anaconda.com/pkgs/main/noarch/xlrd-2.0.1-pyhd3eb1b0_0.conda#a1b5a33a6098c182d359ecf7d73da6e1
https://repo.anaconda.com/pkgs/main/noarch/zipp-3.4.1-pyhd3eb1b0_0.conda#0c647479e59d235ee8bfaca0689b4eba
https://repo.anaconda.com/pkgs/main/noarch/babel-2.8.0-py_0.conda#501ac10d20577fa3931e5385d329d785
https://repo.anaconda.com/pkgs/main/noarch/black-19.10b0-py_0.conda#dda9c1964ca705ed9dc055eb3a3d813a
https://repo.anaconda.com/pkgs/main/linux-64/cffi-1.14.0-py37h2e261b9_0.conda#994d327ea637ccc243b025a6c989098d
https://repo.anaconda.com/pkgs/main/linux-64/cycler-0.10.0-py37_0.conda#48d1b09390e40b3554c5c714a33dd1b5
https://repo.anaconda.com/pkgs/main/linux-64/cytoolz-0.11.0-py37h7b6447c_0.conda#271a278e474c95a9c2fca268e39de652
https://repo.anaconda.com/pkgs/main/noarch/docker-pycreds-0.4.0-py_0.conda#1d1ef95879c5af62abd21fde78953d2f
https://repo.anaconda.com/pkgs/main/noarch/gitdb-4.0.5-py_0.conda#8112953c73b47110fcf71e7970266828
https://repo.anaconda.com/pkgs/main/linux-64/harfbuzz-1.8.8-hffaf4a1_0.conda#ed3697c63497f052a0c7b66f9155ed60
https://repo.anaconda.com/pkgs/main/noarch/hypothesis-5.20.3-py_0.conda#9c30fcaf67c4f7bdd0845a01505cd1b6
https://repo.anaconda.com/pkgs/main/linux-64/importlib-metadata-3.10.0-py37h06a4308_0.conda#f4e87590ef36a1662562d7a8748fa7b5
https://repo.anaconda.com/pkgs/main/noarch/isodate-0.6.0-py_1.conda#88b692e1aa5bb2af60a7c80c6438df85
https://repo.anaconda.com/pkgs/main/linux-64/jedi-0.17.0-py37_0.conda#41546dc084b6b369d7512fac6793e9b8
https://repo.anaconda.com/pkgs/main/noarch/jsonpatch-1.32-pyhd3eb1b0_0.conda#ce3c2233a0823c4c25aba6843b05d19d
https://repo.anaconda.com/pkgs/main/linux-64/libnetcdf-4.6.1-h2053bdc_3.conda#d62183220638a62ee7e807dfc5fdd363
https://repo.anaconda.com/pkgs/main/noarch/mako-1.1.4-pyhd3eb1b0_0.conda#3b07339c1ed54e3ec3f8f1b6699b163d
https://repo.anaconda.com/pkgs/main/linux-64/mkl-service-2.3.0-py37he8ac12f_0.conda#22fa74dfc830fd037481f883d7e9c1e2
https://repo.anaconda.com/pkgs/main/linux-64/multipledispatch-0.6.0-py37_0.conda#87f98c0429a2f3b44c48845f8d43ba60
https://repo.anaconda.com/pkgs/main/noarch/packaging-20.9-pyhd3eb1b0_0.conda#ef4f0064540c6aa810659232158829a9
https://repo.anaconda.com/pkgs/main/noarch/partd-1.2.0-pyhd3eb1b0_0.conda#18acaf563820aea10c11d925e0bddfb4
https://repo.anaconda.com/pkgs/main/noarch/pexpect-4.8.0-pyhd3eb1b0_3.conda#765b2562d6cdd14bb6d44fc170a04331
https://repo.anaconda.com/pkgs/main/linux-64/pillow-8.2.0-py37he98fc37_0.conda#1b751499942fd67bd70a541a475810fe
https://conda.anaconda.org/conda-forge/noarch/pockets-0.9.1-py_0.tar.bz2#1b52f0c42e8077e5a33e00fe72269364
https://repo.anaconda.com/pkgs/main/noarch/prompt-toolkit-3.0.17-pyh06a4308_0.conda#fe48d5488d6bc444ad0d4b8b85995fb8
https://repo.anaconda.com/pkgs/main/noarch/pydocstyle-5.1.1-py_0.conda#85ab549f2e5686b48a67683f7f429750
https://repo.anaconda.com/pkgs/main/linux-64/pyqt-5.9.2-py37h05f1152_2.conda#22e969c53ead5594414fdd72194df83b
https://repo.anaconda.com/pkgs/main/noarch/python-dateutil-2.8.1-pyhd3eb1b0_0.tar.bz2#9d1d5d6ada176b66b5ca6d420e1f414f
https://repo.anaconda.com/pkgs/main/noarch/python-slugify-3.0.4-py_0.conda#f9df742ba464a0c7ef71c6c54960d938
https://repo.anaconda.com/pkgs/main/noarch/pyviz_comms-2.0.1-pyhd3eb1b0_0.conda#31a41921461dd3b08aec2a68f86e6460
https://repo.anaconda.com/pkgs/main/linux-64/setuptools-52.0.0-py37h06a4308_0.conda#5f260cb75ead478f373e5b91a9102042
https://repo.anaconda.com/pkgs/main/noarch/singledispatch-3.6.1-pyhd3eb1b0_1001.conda#22888c9033839d6d2b2723419526b351
https://repo.anaconda.com/pkgs/main/linux-64/terminado-0.9.4-py37h06a4308_0.conda#c0a2e4a3e581969bc81d599bacb55b5c
https://repo.anaconda.com/pkgs/main/noarch/traitlets-5.0.5-pyhd3eb1b0_0.tar.bz2#dea22b1a398fde6306c02919eadf0c78
https://repo.anaconda.com/pkgs/main/noarch/typing-extensions-3.7.4.3-hd3eb1b0_0.conda#5d9911cb92d42667954318425b1f93e9
https://repo.anaconda.com/pkgs/main/linux-64/tzlocal-2.1-py37_0.conda#85bd120843e6cc661ee3f37d2604afa7
https://repo.anaconda.com/pkgs/main/linux-64/websocket-client-0.58.0-py37h06a4308_4.conda#d815deb0dd527d4b0618d032cc9e30d3
https://repo.anaconda.com/pkgs/main/noarch/zict-2.0.0-pyhd3eb1b0_0.tar.bz2#65a8a82839c60f1101cde031c29b6677
https://repo.anaconda.com/pkgs/main/noarch/alembic-1.5.8-pyhd3eb1b0_0.conda#e4f71313e4a9d73c28c7049f95f4b297
https://repo.anaconda.com/pkgs/main/linux-64/argon2-cffi-20.1.0-py37h27cfd23_1.conda#f7df97ce90a0ccd1f45c57539baa84bf
https://repo.anaconda.com/pkgs/main/noarch/bleach-3.3.0-pyhd3eb1b0_0.conda#af085436e6a87760b991523448c957f6
https://repo.anaconda.com/pkgs/main/linux-64/brotlipy-0.7.0-py37h27cfd23_1003.conda#35791ca9efc640b7a0fe32fd2ac32386
https://repo.anaconda.com/pkgs/main/linux-64/cryptography-3.4.7-py37hd23ed53_0.conda#633ee4362064b20bf7acd3da2cb6c82a
https://repo.anaconda.com/pkgs/main/noarch/dask-core-2021.4.0-pyhd3eb1b0_0.conda#2eaedb513e9a96b38e65074a1f0daa28
https://conda.anaconda.org/conda-forge/noarch/dparse-0.5.1-py_0.tar.bz2#a3148bd94a6d6ffb4a694c739eab6121
https://repo.anaconda.com/pkgs/main/noarch/flake8-3.8.3-pyhd3eb1b0_0.tar.bz2#6d2ffb330f0ffaec355284cf60dc7ebf
https://repo.anaconda.com/pkgs/main/noarch/gitpython-3.1.3-py_1.conda#f7ca6dc211ebf5807b7f4c21b378dd8c
https://repo.anaconda.com/pkgs/main/linux-64/gunicorn-20.1.0-py37h06a4308_0.conda#316df9a67b3b56d89b521369bd0f98db
https://repo.anaconda.com/pkgs/main/noarch/importlib_metadata-3.10.0-hd3eb1b0_0.conda#e88ee7c6f1e7faf52d9d16f5720d467e
https://repo.anaconda.com/pkgs/main/linux-64/isort-4.3.21-py37_0.conda#b38c85725d34f3843160166706c97962
https://repo.anaconda.com/pkgs/main/noarch/jinja2-2.11.3-pyhd3eb1b0_0.conda#ca09ae9e8fd75176f050af93410ef8ac
https://repo.anaconda.com/pkgs/main/noarch/joblib-1.0.1-pyhd3eb1b0_0.conda#27f437079d0608383b5a5347a84621ac
https://repo.anaconda.com/pkgs/main/linux-64/jupyter_core-4.7.1-py37h06a4308_0.conda#b37042b4eba110616d658174fee063ab
https://repo.anaconda.com/pkgs/main/linux-64/markdown-3.3.4-py37h06a4308_0.conda#df51bd61fc4d041a06b62ef3db843be6
https://repo.anaconda.com/pkgs/main/noarch/networkx-2.5-py_0.conda#1e742e2128438ffefb4e0284873d1298
https://repo.anaconda.com/pkgs/main/linux-64/numpy-base-1.19.1-py37hfa32c7d_0.conda#db0529a0f6a29bf805359a11da36639f
https://repo.anaconda.com/pkgs/main/linux-64/pango-1.42.4-h049681c_0.conda#bfd8859e7ea05185e93cd73f9a1106b9
https://repo.anaconda.com/pkgs/main/linux-64/pip-20.2.2-py37h06a4308_0.conda#0a6ee904691b0077f12792653b836df9
https://repo.anaconda.com/pkgs/main/linux-64/protobuf-3.11.2-py37he6710b0_0.conda#258ca4130eb77dc1fad679aa65bddda4
https://repo.anaconda.com/pkgs/main/noarch/pygments-2.8.1-pyhd3eb1b0_0.conda#a82ee5f18dc1890d29b33d5e17d91a5d
https://repo.anaconda.com/pkgs/main/noarch/pyutilib-6.0.0-py_1.conda#ab52e3d97ca9e8f25109a0565ae4b4fe
https://repo.anaconda.com/pkgs/main/linux-64/ruamel.yaml-0.16.12-py37h7b6447c_1.conda#3b49b507d314a42e655f8ac170fe6a3a
https://conda.anaconda.org/conda-forge/noarch/sphinxcontrib-napoleon-0.7-py_0.tar.bz2#0bc25ff6f2e34af63ded59692df5f749
https://conda.anaconda.org/conda-forge/noarch/stopit-1.1.2-py_0.tar.bz2#a07ae164291cd456aa3012f44654a950
https://repo.anaconda.com/pkgs/main/linux-64/distributed-2021.4.0-py37h06a4308_0.conda#1207e9e4131a5d4913e6a14b7787c439
https://conda.anaconda.org/conda-forge/noarch/flake8-black-0.2.1-py_0.tar.bz2#fa252318d945d71944efcfdca99aaf25
https://conda.anaconda.org/conda-forge/noarch/flake8-docstrings-1.5.0-py_0.tar.bz2#0481579d310f2cc9565660e1f78dce70
https://conda.anaconda.org/conda-forge/noarch/flake8-isort-3.0.1-pyh9f0ad1d_0.tar.bz2#81943195b92b2df111a6efe1c1979d24
https://repo.anaconda.com/pkgs/main/noarch/flask-1.1.2-pyhd3eb1b0_0.tar.bz2#eee9d2de0a27685197801b09c37b4762
https://repo.anaconda.com/pkgs/main/linux-64/graphviz-2.40.1-h21bd128_2.conda#54c61327f6e6f6e65ca20afc93ae35f5
https://repo.anaconda.com/pkgs/main/linux-64/ipython-7.22.0-py37hb070fc8_0.conda#c42224cd4026a65d7caaf0dff3f1b423
https://repo.anaconda.com/pkgs/main/noarch/jsonschema-3.2.0-py_2.conda#9b1f6a78ee7c1a42b37d32981052592d
https://repo.anaconda.com/pkgs/main/noarch/jupyter_client-6.1.12-pyhd3eb1b0_0.conda#080d92e7c1858dd232eda21025bdff9f
https://repo.anaconda.com/pkgs/main/noarch/pbr-5.5.0-py_0.conda#e3831b5958cc1d175cdbf003b438d966
https://repo.anaconda.com/pkgs/main/linux-64/pluggy-0.13.1-py37h06a4308_0.conda#61713e12614e27fa7dfba7ecfcc3e051
https://repo.anaconda.com/pkgs/main/linux-64/pyjwt-1.7.1-py37_0.conda#798fae27b68fe4b237c9b40fda7f3496
https://conda.anaconda.org/conda-forge/linux-64/pyomo-5.7-py37h86c43ef_2.tar.bz2#f85444323bc36d39758035924683bec0
https://repo.anaconda.com/pkgs/main/noarch/pyopenssl-20.0.1-pyhd3eb1b0_1.conda#ac62ddccf2e89f7a35867b2478a278af
https://repo.anaconda.com/pkgs/main/linux-64/ipykernel-5.3.4-py37h5ca1d4c_0.conda#e8a12edd10c0ec82deecb6a2c29e39de
https://repo.anaconda.com/pkgs/main/noarch/nbformat-5.0.7-py_0.conda#a79a6b8519be83d6fcc541b73d6b9135
https://repo.anaconda.com/pkgs/main/noarch/oauthlib-3.1.0-py_0.conda#c17d4f150993bb3181a2bb4d0b3fdeef
https://conda.anaconda.org/conda-forge/noarch/prometheus_flask_exporter-0.18.2-pyhd8ed1ab_0.tar.bz2#33aa7adbda502fb38f2b6d620ed17946
https://repo.anaconda.com/pkgs/main/linux-64/pytest-6.0.1-py37_0.conda#733c6ca195c5fa9fe35896d625500adb
https://repo.anaconda.com/pkgs/main/noarch/python-graphviz-0.16-pyhd3eb1b0_1.conda#b9352434ce4c4304beec3a848d7307b7
https://conda.anaconda.org/conda-forge/linux-64/stevedore-3.2.2-py37hc8dfbb8_1.tar.bz2#89c4c21f1544daa50f703a9f3715cfe1
https://repo.anaconda.com/pkgs/main/noarch/urllib3-1.25.11-py_0.conda#dfa55e29cfa4aa8ec1190cb0e4d14c2f
https://conda.anaconda.org/conda-forge/linux-64/bandit-1.6.2-py37hc8dfbb8_2.tar.bz2#db4e05445b2bb4062287b3724094c7a8
https://repo.anaconda.com/pkgs/main/linux-64/nbconvert-5.6.1-py37_1.conda#dffb872b4964ab468cbabb9ecb0a3697
https://repo.anaconda.com/pkgs/main/linux-64/requests-2.23.0-py37_0.conda#93b8b0d21100ff646066331f59ba346b
https://conda.anaconda.org/conda-forge/noarch/azure-core-1.12.0-pyhd8ed1ab_0.tar.bz2#42b110275cbb812775187ed80324c44d
https://conda.anaconda.org/conda-forge/noarch/databricks-cli-0.9.1-py_0.tar.bz2#2d915ea924bf43d56df9bc4fece12e4d
https://repo.anaconda.com/pkgs/main/linux-64/docker-py-4.4.1-py37h06a4308_5.conda#ca8890a842989800daf60ef17efd3520
https://repo.anaconda.com/pkgs/main/linux-64/notebook-6.3.0-py37h06a4308_0.conda#35fb65eb2dedb4b81415acb3b1a4c483
https://repo.anaconda.com/pkgs/main/linux-64/pyct-0.4.8-py37_0.conda#3f1f4ff78b474e7da850dfd92aa63d2e
https://conda.anaconda.org/conda-forge/noarch/querystring_parser-1.2.4-py_0.tar.bz2#0ebdca9b753c2e082e5b5ad06aa76b41
https://repo.anaconda.com/pkgs/main/noarch/requests-oauthlib-1.3.0-py_0.conda#a889394d246d3d475ced7df1314abdaa
https://conda.anaconda.org/conda-forge/noarch/safety-1.9.0-py_0.tar.bz2#ba6c64251a89cc6cd2ad23fdfee9d663
https://repo.anaconda.com/pkgs/main/noarch/sphinx-3.2.1-py_0.conda#19ee7108f3236de1713379259e4b95ab
https://conda.anaconda.org/conda-forge/noarch/update_checker-0.18.0-pyh9f0ad1d_0.tar.bz2#a8dff3f315bd2ffe9f5ac2ff0501b2ac
https://repo.anaconda.com/pkgs/main/noarch/colorcet-2.0.6-pyhd3eb1b0_0.conda#4312e829ecde2bfbe23dd174085b45bf
https://repo.anaconda.com/pkgs/main/noarch/jupyterlab_server-1.2.0-py_0.conda#dbf166cd2dbf602281afc84feb4bae75
https://conda.anaconda.org/conda-forge/noarch/msrest-0.6.21-pyh44b312d_0.tar.bz2#1d2ea1f71147bd5ed5222a9f0d6df946
https://conda.anaconda.org/conda-forge/noarch/nbsphinx-0.7.1-pyh9f0ad1d_0.tar.bz2#a3bb68f9b460d4ad7854269df5e93657
https://repo.anaconda.com/pkgs/main/linux-64/widgetsnbextension-3.5.1-py37_0.conda#64e2440e5330b18e24ed4f3a1033ffea
https://conda.anaconda.org/conda-forge/noarch/azure-storage-blob-12.8.1-pyhd8ed1ab_0.tar.bz2#5638a85e78c4bf342f96f4e4021e56cf
https://repo.anaconda.com/pkgs/main/noarch/ipywidgets-7.6.3-pyhd3eb1b0_1.conda#7a84479f991f15f3f960953540f2eac2
https://repo.anaconda.com/pkgs/main/noarch/jupyterlab-2.2.6-pyhd3eb1b0_1.conda#61361c78bd8ca78fb4c0358453d24341
https://conda.anaconda.org/conda-forge/linux-64/deap-1.3.1-py37h9fdb41a_2.tar.bz2#852f771a3e761f33b2d99f3a9f164d72
https://conda.anaconda.org/conda-forge/linux-64/xgboost-1.2.0-py37h3340039_0.tar.bz2#52c76d83d6faa6db34d8236bebbb974f
https://repo.anaconda.com/pkgs/main/linux-64/arrow-cpp-0.15.1-py37h7cd5009_5.conda#be497fa9d97fbd7ae51402bdeddcfa9e
https://repo.anaconda.com/pkgs/main/linux-64/bokeh-2.2.3-py37_0.conda#37d88121c8edf1c742b4a5240b93ca50
https://repo.anaconda.com/pkgs/main/noarch/panel-0.9.7-py_0.conda#474a77c5da2844e8a7fbdf2de3d43fda
https://repo.anaconda.com/pkgs/main/linux-64/cftime-1.4.1-py37h6323ea4_0.conda#1d1e404a95b646c662c9116a5d2c6bf6
https://repo.anaconda.com/pkgs/main/linux-64/datashape-0.5.4-py37h06a4308_1.conda#9936908015eceab593131d2e3645d01b
https://repo.anaconda.com/pkgs/main/linux-64/h5py-2.10.0-py37hd6299e0_1.conda#e6bb3a210b7fd4fc9821b4533e1fb6f9
https://repo.anaconda.com/pkgs/main/linux-64/matplotlib-3.3.4-py37h06a4308_0.conda#d610f3eacce8402c5faa61809b26f099
https://repo.anaconda.com/pkgs/main/linux-64/matplotlib-base-3.3.4-py37h62a2d02_0.conda#46f701bb43f5e1bebfdc3dd9b3dca66b
https://repo.anaconda.com/pkgs/main/linux-64/mkl_fft-1.3.0-py37h54f3939_0.conda#d5ac370421c8921ede796279e2a349ca
https://repo.anaconda.com/pkgs/main/linux-64/mkl_random-1.1.1-py37h0573a6f_0.conda#d53ccfb4a62152ac873d96ec89e84aa0
https://repo.anaconda.com/pkgs/main/linux-64/numpy-1.19.1-py37hbc911f0_0.conda#f404d84cba294f32096f7ec400a8e299
https://repo.anaconda.com/pkgs/main/noarch/imageio-2.9.0-pyhd3eb1b0_0.conda#4f1d37bdc3afdb2d237fd9b6b920ec3d
https://repo.anaconda.com/pkgs/main/linux-64/netcdf4-1.5.6-py37hd5c503a_0.conda#4c51f78c660de22095ffc9461c7666c7
https://repo.anaconda.com/pkgs/main/linux-64/numba-0.53.1-py37ha9443f7_0.conda#18e24eed52e94e2bc9d5ca659efff126
https://repo.anaconda.com/pkgs/main/linux-64/pandas-1.0.5-py37h0573a6f_0.conda#9d2668148f2863cdda9ece108449ee44
https://repo.anaconda.com/pkgs/main/linux-64/pygpu-0.7.6-py37heb32a55_0.conda#bdf869a47472d18e950025606446c3cd
https://repo.anaconda.com/pkgs/main/linux-64/pywavelets-1.1.1-py37h7b6447c_2.conda#719485435a01d0d5335d323d7b62fe00
https://repo.anaconda.com/pkgs/main/linux-64/scipy-1.5.2-py37h0b6359f_0.conda#234d7a928935399e865f9bd1c6c90c4a
https://repo.anaconda.com/pkgs/main/linux-64/tifffile-2020.10.1-py37hdd07704_2.conda#c9865f0b7d4b94ffab63ed890d6e9d2b
https://repo.anaconda.com/pkgs/main/noarch/altair-4.1.0-py_1.conda#030803b7148f93400f0909690d9eeee7
https://repo.anaconda.com/pkgs/main/noarch/dask-2021.4.0-pyhd3eb1b0_0.conda#28944d271b273a485f4ebfac59825735
https://repo.anaconda.com/pkgs/main/noarch/holoviews-1.13.4-py_0.conda#b6372a1321c2c3697554013fcd41f344
https://conda.anaconda.org/conda-forge/linux-64/mlflow-1.10.0-py37hc8dfbb8_0.tar.bz2#7a03c22e7dfce0cf081d11fefd2c486d
https://repo.anaconda.com/pkgs/main/linux-64/patsy-0.5.1-py37_0.conda#9dd5353d8b99c527f66158cdadb89787
https://repo.anaconda.com/pkgs/main/linux-64/pyarrow-0.15.1-py37h0573a6f_0.conda#511595b99361958925e2f71e68f3da1e
https://repo.anaconda.com/pkgs/main/linux-64/scikit-image-0.18.1-py37ha9443f7_0.conda#8b43361fafbe3ae7e38b021ed199dac7
https://repo.anaconda.com/pkgs/main/linux-64/scikit-learn-0.23.2-py37h0573a6f_0.conda#5957e70b23114740c9fe80d7b87a8cd4
https://repo.anaconda.com/pkgs/main/noarch/seaborn-0.10.1-py_0.conda#18bc55951f8ff66dd3a1baaca8bd6234
https://repo.anaconda.com/pkgs/main/linux-64/theano-1.0.4-py37hfd86e86_0.conda#081898917c238ef4a54bc4188f7f520f
https://repo.anaconda.com/pkgs/main/noarch/xarray-0.17.0-pyhd3eb1b0_0.conda#8702480113641ff680e55c3e70f78ea3
https://conda.anaconda.org/conda-forge/noarch/arviz-0.10.0-py_0.tar.bz2#ae3580e07995e656a6935c7224597b8a
https://repo.anaconda.com/pkgs/main/noarch/datashader-0.11.1-py_0.conda#4609b66eaaaf548538a57afe5086d9ca
https://conda.anaconda.org/conda-forge/noarch/eli5-0.10.1-py_2.tar.bz2#539271085165d55ea796c626119ec061
https://conda.anaconda.org/conda-forge/linux-64/great-expectations-0.13.4-py37h89c1867_0.tar.bz2#375a331dea82e8ede845f3c98ec0f719
https://repo.anaconda.com/pkgs/main/noarch/hvplot-0.6.0-py_1.conda#2655afb9c0580f15bbf706514c49747f
https://conda.anaconda.org/conda-forge/noarch/mlxtend-0.17.3-pyh9f0ad1d_0.tar.bz2#cc45686e8c499cc79c107f488362dce2
https://conda.anaconda.org/conda-forge/noarch/pandas-flavor-0.2.0-py_0.tar.bz2#4e7641376dbfc2ca5abff209273ed37c
https://conda.anaconda.org/conda-forge/linux-64/py-xgboost-1.2.0-py37hc8dfbb8_0.tar.bz2#955e4889ca4e1a72659d4f2f76ef50bf
https://conda.anaconda.org/conda-forge/linux-64/shap-0.35.0-py37h0da4684_0.tar.bz2#fd8bbc09994d4a08ea3786219d209b80
https://repo.anaconda.com/pkgs/main/linux-64/statsmodels-0.11.1-py37h7b6447c_0.conda#fb5d5fe9237c6f39a13c035a847c0d97
https://conda.anaconda.org/conda-forge/noarch/tpot-0.11.5-pyh9f0ad1d_0.tar.bz2#ff4375f2c89dafeddcff1150ceec5bbe
https://conda.anaconda.org/conda-forge/noarch/yellowbrick-1.1-pyh9f0ad1d_0.tar.bz2#bd384f6c42307722b6759972b6cdc175
https://conda.anaconda.org/conda-forge/noarch/category_encoders-2.2.2-py_0.tar.bz2#3f6068cd7fdf1689132762733b64d608
https://conda.anaconda.org/conda-forge/noarch/pyjanitor-0.20.9-py_0.tar.bz2#9ce286d4d23721539ecbe7271f51afc3
https://conda.anaconda.org/conda-forge/noarch/pymc3-3.9.3-py_1.tar.bz2#fe19be4a793fc04f9ed75d0e784af214
