# platform: win-64
# env_hash: 271a45ba2126dec7edd0b9d1afa84bc18296bb9f65d7be8bcdd528e188c590f0

@EXPLICIT

https://repo.anaconda.com/pkgs/main/win-64/blas-1.0-mkl.conda#29c8be9152b7cbf29578794154d2408f
https://repo.anaconda.com/pkgs/main/win-64/ca-certificates-2021.4.13-haa95532_1.conda#63b766ef2c993244a4131b3c3460b779
https://repo.anaconda.com/pkgs/main/win-64/icc_rt-2019.0.0-h0cc432a_1.conda#405bdc839505f7a9657648ab1bb98c0b
https://repo.anaconda.com/pkgs/main/win-64/intel-openmp-2021.2.0-haa95532_616.conda#3be692104b997abf5a8bd13e1dcd8594
https://repo.anaconda.com/pkgs/msys2/win-64/msys2-conda-epoch-20160418-1.tar.bz2#6eaef3074f65f715ed1ca6b8a08be3aa
https://repo.anaconda.com/pkgs/main/win-64/pandoc-2.12-haa95532_0.conda#2d85cef0293f0306f546b752c641d3ff
https://repo.anaconda.com/pkgs/main/win-64/vs2015_runtime-14.27.29016-h5e58377_2.conda#9e3f8ea1096e174541ac86f5fc73fc3d
https://repo.anaconda.com/pkgs/main/win-64/winpty-0.4.3-4.conda#5827d9fb8df41153ddc2a2915934c966
https://repo.anaconda.com/pkgs/msys2/win-64/m2w64-gmp-6.1.0-2.tar.bz2#fec04371463ec68eb8f5752a22c5b030
https://repo.anaconda.com/pkgs/msys2/win-64/m2w64-headers-git-5.0.0.4636.c0ad18a-2.tar.bz2#370a562fd1abc5a92a432bc7835fa650
https://repo.anaconda.com/pkgs/msys2/win-64/m2w64-isl-0.16.1-2.tar.bz2#309c598ed0cc9d2e2135fb0e1f2299eb
https://repo.anaconda.com/pkgs/msys2/win-64/m2w64-libiconv-1.14-6.tar.bz2#2f98e65f0804a54bf8666fb6354769f0
https://repo.anaconda.com/pkgs/msys2/win-64/m2w64-libmangle-git-5.0.0.4509.2e5a9a2-2.tar.bz2#e564046a151ec5191a0354809aec7a0b
https://repo.anaconda.com/pkgs/msys2/win-64/m2w64-libwinpthread-git-5.0.0.4634.697f757-2.tar.bz2#67e61e700eb27424979778fae9293f13
https://repo.anaconda.com/pkgs/msys2/win-64/m2w64-make-4.1.2351.a80a8b8-2.tar.bz2#04a141659822a086db0aa33a17f1192c
https://repo.anaconda.com/pkgs/msys2/win-64/m2w64-windows-default-manifest-6.4-3.tar.bz2#d11e6e16dc4ae0bce50499a1c174033d
https://repo.anaconda.com/pkgs/main/win-64/mkl-2020.2-256.conda#a7cc3536d4b5906682a863866e601683
https://repo.anaconda.com/pkgs/main/win-64/nodejs-10.13.0-0.conda#21a247251f60489f8a5e1f1b918c0145
https://repo.anaconda.com/pkgs/main/win-64/vc-14.2-h21ff451_1.conda#a8c870bfc2551c262800527f2107d0f3
https://repo.anaconda.com/pkgs/main/win-64/brotli-1.0.9-ha925a31_2.conda#5c26a5be67135c6b85220c50856325d3
https://repo.anaconda.com/pkgs/main/win-64/bzip2-1.0.8-he774522_0.conda#acfdd6cfa52a831a43b88126e68b0cf9
https://repo.anaconda.com/pkgs/main/win-64/c-ares-1.17.1-h2bbff1b_0.conda#ac95615f0b0eb7c01c29581f3a40d951
https://repo.anaconda.com/pkgs/main/win-64/double-conversion-3.1.5-ha925a31_1.conda#829a160dfc3b2001b7c1571216cf5c92
https://repo.anaconda.com/pkgs/main/win-64/gflags-2.2.2-ha925a31_0.conda#e82047758d80988abf5af8efa7287f9a
https://repo.anaconda.com/pkgs/main/win-64/graphviz-2.38-hfd603c8_2.conda#c27ac8271c09c20cc9cf89108bd88ed0
https://repo.anaconda.com/pkgs/main/win-64/icu-58.2-ha925a31_3.conda#f6654b7569b42712970bedd22781eb70
https://repo.anaconda.com/pkgs/main/win-64/jpeg-9b-hb83a4c4_2.conda#b1357d1cfb8fa7feb3d77792009e0a22
https://repo.anaconda.com/pkgs/main/win-64/libgpuarray-0.7.6-hfa6e2cd_0.conda#a1c1fc83a986d894bc3e9e487348cf4c
https://repo.anaconda.com/pkgs/main/win-64/libiconv-1.15-h1df5818_7.conda#c11b04ba8fe614dc1480b14b8dc7cd4f
https://repo.anaconda.com/pkgs/main/win-64/libsodium-1.0.18-h62dcd97_0.conda#b21cb66cc64ec7ca5b20dbed15950c3f
https://repo.anaconda.com/pkgs/main/win-64/lz4-c-1.8.1.2-h2fa13f4_0.conda#c1a8181caf868e0ef835ed4513842160
https://repo.anaconda.com/pkgs/msys2/win-64/m2w64-crt-git-5.0.0.4636.2595836-2.tar.bz2#7bc2c518106ee6caf405d80b792261f0
https://repo.anaconda.com/pkgs/msys2/win-64/m2w64-gcc-libs-core-5.3.0-7.tar.bz2#276d396bfe8d958f71173b7134f739fa
https://repo.anaconda.com/pkgs/msys2/win-64/m2w64-mpfr-3.1.4-4.tar.bz2#9052e2617adf389f715deed87d1beedb
https://repo.anaconda.com/pkgs/msys2/win-64/m2w64-pkg-config-0.29.1-2.tar.bz2#061a4a651cec4ede75ab7c4b12f96c3c
https://repo.anaconda.com/pkgs/main/win-64/openssl-1.1.1k-h2bbff1b_0.conda#6c6a8648d1e7960e8f7881d603065d14
https://repo.anaconda.com/pkgs/main/win-64/re2-2020.11.01-hd77b12b_1.conda#bcfca7ac9807f12aa5a3d7f7b6775900
https://repo.anaconda.com/pkgs/main/win-64/snappy-1.1.8-h33f27b4_0.conda#7d4b72a438a224c5b96d430de5438b52
https://repo.anaconda.com/pkgs/main/win-64/sqlite-3.35.4-h2bbff1b_0.conda#b9055bfea3c8b6a0169181b6680bef24
https://repo.anaconda.com/pkgs/main/win-64/tk-8.6.10-he774522_0.conda#0341797393017980b1548213bc983acc
https://repo.anaconda.com/pkgs/main/win-64/uriparser-0.9.3-h33f27b4_1.conda#d965b794cf1dd1a5350bdecaa47020a2
https://repo.anaconda.com/pkgs/main/win-64/xz-5.2.5-h62dcd97_0.conda#31fb0218c036a3afd2e0fa7f5081606d
https://repo.anaconda.com/pkgs/main/win-64/yaml-0.2.5-he774522_0.conda#959a63017c520ef9d345bd82ab344e3e
https://repo.anaconda.com/pkgs/main/win-64/zlib-1.2.11-h62dcd97_4.conda#0f377236eb18c0c2bb486c9c07c7a0c3
https://repo.anaconda.com/pkgs/main/win-64/glog-0.4.0-h33f27b4_0.conda#0e58005f122c2458f6f27b11f242bd86
https://repo.anaconda.com/pkgs/main/win-64/hdf4-4.2.13-h712560f_2.conda#92e901b5806c7ae613cca9aa5c79e5cb
https://repo.anaconda.com/pkgs/main/win-64/hdf5-1.10.4-h7ebc959_0.conda#12fc19a52b92139f1ce8c32f099cd779
https://repo.anaconda.com/pkgs/main/win-64/krb5-1.18.2-hc04afaa_0.conda#579a7b9966a12b9390c401acc4894699
https://repo.anaconda.com/pkgs/main/win-64/libboost-1.67.0-hfd51bdf_4.conda#45b40d5330212e783242e1985fb53fa9
https://repo.anaconda.com/pkgs/main/win-64/libpng-1.6.37-h2a8f88b_0.conda#d99c2cf18a0d5a65e8f2928fa4ddbee4
https://repo.anaconda.com/pkgs/main/win-64/libprotobuf-3.11.2-h7bd577a_0.conda#ba9771458a651b09aa4f0fe1fb78859e
https://repo.anaconda.com/pkgs/main/win-64/libssh2-1.9.0-h7a1dbc1_1.conda#f32820852944753179945b7d75a6b702
https://repo.anaconda.com/pkgs/main/win-64/libxml2-2.9.10-hb89e7f3_3.conda#b80f125d5446d5f4673797296da5a37f
https://repo.anaconda.com/pkgs/msys2/win-64/m2w64-gcc-libgfortran-5.3.0-6.tar.bz2#de1b7f7c8221028f6bbe103df4c53bed
https://repo.anaconda.com/pkgs/msys2/win-64/m2w64-mpc-1.0.3-3.tar.bz2#1d11536216fcfca984c8b6ec5af78b95
https://repo.anaconda.com/pkgs/msys2/win-64/m2w64-winpthreads-git-5.0.0.4634.697f757-2.tar.bz2#ce04a744a829155b007ec8cd3fdc3065
https://repo.anaconda.com/pkgs/main/win-64/python-3.7.10-h6244533_0.conda#5c17da099b9c276cf0762e148199916d
https://repo.anaconda.com/pkgs/main/win-64/thrift-cpp-0.11.0-h1ebf3fd_3.conda#f9405ae66dab27ae0573618983a5ce84
https://repo.anaconda.com/pkgs/main/win-64/zeromq-4.3.3-ha925a31_3.conda#63fce35dc529f80ade693591eee9d5c3
https://repo.anaconda.com/pkgs/main/win-64/zstd-1.3.7-h508b16e_0.conda#d9afbcac59b6f2ae0578fcff0790eb9f
https://repo.anaconda.com/pkgs/main/win-64/alabaster-0.7.12-py37_0.conda#e5ad088accafb8c1c26af709a0657301
https://repo.anaconda.com/pkgs/main/noarch/appdirs-1.4.4-py_0.conda#483878b172607008f5f8e3bfded615bc
https://repo.anaconda.com/pkgs/main/noarch/asn1crypto-1.4.0-py_0.conda#d36ab1e53d5b6e555761287f6a7d316e
https://repo.anaconda.com/pkgs/main/noarch/atomicwrites-1.4.0-py_0.conda#7035266b832ca44ca8655ced0a397eaa
https://repo.anaconda.com/pkgs/main/noarch/attrs-20.1.0-py_0.conda#5b08a6cd5c88041924a235d430692e71
https://repo.anaconda.com/pkgs/main/noarch/backcall-0.2.0-pyhd3eb1b0_0.tar.bz2#b2aa5503875aba2f1d88cae9df9a96d5
https://repo.anaconda.com/pkgs/main/win-64/blinker-1.4-py37haa95532_0.conda#f587dc0b2b595e57ecbe82f416333af1
https://repo.anaconda.com/pkgs/main/win-64/boost-cpp-1.67.0-hfa6e2cd_4.conda#f7d9e64c33ab2ebbe16bb4c30adf29d6
https://repo.anaconda.com/pkgs/main/win-64/certifi-2020.12.5-py37haa95532_0.conda#b19fff94e56a15d13326eae3298e4461
https://repo.anaconda.com/pkgs/main/win-64/chardet-3.0.4-py37haa95532_1003.conda#d58512294a266f7c82c648c48c60607a
https://repo.anaconda.com/pkgs/main/noarch/click-7.1.2-pyhd3eb1b0_0.tar.bz2#62c4d9050c9d92ac315a9ae52ec9c0df
https://repo.anaconda.com/pkgs/main/noarch/cloudpickle-1.6.0-py_0.conda#4af8dd70369256b84ed5cdb100871d85
https://repo.anaconda.com/pkgs/main/noarch/colorama-0.4.4-pyhd3eb1b0_0.conda#f550604d18b83878f647a491b2b343d6
https://repo.anaconda.com/pkgs/main/noarch/configparser-5.0.2-pyhd3eb1b0_0.conda#f7d888579e016fbaa71df2854db26f79
https://repo.anaconda.com/pkgs/main/noarch/decorator-5.0.6-pyhd3eb1b0_0.conda#96c492fc92916fb38eda8791158eecd8
https://repo.anaconda.com/pkgs/main/noarch/defusedxml-0.7.1-pyhd3eb1b0_0.conda#d912068b0729930972adcaac338882c0
https://repo.anaconda.com/pkgs/main/win-64/docutils-0.16-py37_1.conda#3cc89e6824ee3f64f0930a1240539516
https://repo.anaconda.com/pkgs/main/win-64/entrypoints-0.3-py37_0.conda#5e31dc81b0ec52c8b3c9bd2d0762c185
https://conda.anaconda.org/conda-forge/noarch/fastprogress-1.0.0-py_0.tar.bz2#0765c7a36e7ed365cab77858c9fba1b7
https://repo.anaconda.com/pkgs/main/win-64/freetype-2.10.4-hd328e21_0.conda#5b266f9687bcae8948180cccfba20cc9
https://repo.anaconda.com/pkgs/main/noarch/fsspec-0.7.4-py_0.conda#7b21ab063e5c78b0ba7b1e10aa84886a
https://conda.anaconda.org/conda-forge/noarch/gorilla-0.4.0-pyhd8ed1ab_0.tar.bz2#9efc8071164444727c1f9bc91efc4871
https://repo.anaconda.com/pkgs/main/win-64/grpc-cpp-1.26.0-h351948d_0.conda#2abcf103feef50e1e2a16a9829550269
https://repo.anaconda.com/pkgs/main/noarch/heapdict-1.0.1-py_0.conda#ad144fb43ed5d9cf77c55f373642fd0e
https://repo.anaconda.com/pkgs/main/noarch/idna-2.10-pyhd3eb1b0_0.tar.bz2#153ff132f593ea80aae2eea61a629c92
https://repo.anaconda.com/pkgs/main/noarch/imagesize-1.2.0-pyhd3eb1b0_0.tar.bz2#fbaa04b71997a27f9c9572b9ad52af22
https://repo.anaconda.com/pkgs/main/noarch/iniconfig-1.1.1-pyhd3eb1b0_0.tar.bz2#e40edff2c5708f342cef43c7f280c507
https://repo.anaconda.com/pkgs/main/win-64/invoke-1.3.0-py37_0.conda#ce641598346e0fec99ac6d3d3ce0abcb
https://repo.anaconda.com/pkgs/main/noarch/ipython_genutils-0.2.0-pyhd3eb1b0_1.conda#553832c0b872a28088a0001fa2ba3822
https://repo.anaconda.com/pkgs/main/win-64/itsdangerous-1.1.0-py37_0.conda#38d6b342da0b4f598dda13c94aec084d
https://repo.anaconda.com/pkgs/main/noarch/json5-0.9.5-py_0.conda#8059103c4ea13b8a57462e434054d05d
https://repo.anaconda.com/pkgs/main/noarch/jsonpointer-2.1-pyhd3eb1b0_0.conda#298ff809e733cb04366e4e629c65aa8d
https://repo.anaconda.com/pkgs/main/noarch/jupyterlab_widgets-1.0.0-pyhd3eb1b0_1.conda#9b1fcf8e060e6f4b05dce4b172259168
https://repo.anaconda.com/pkgs/main/win-64/kiwisolver-1.3.1-py37hd77b12b_0.conda#b31ac9f632e6a511ae1116369e0e1dee
https://repo.anaconda.com/pkgs/main/win-64/libcurl-7.71.1-h2a8f88b_1.conda#ef31fb2b17cc95a9f4b820e110c098f7
https://repo.anaconda.com/pkgs/main/win-64/libpython-2.1-py37_0.conda#f2d2b24689922f20c08f3b28e8b10c13
https://repo.anaconda.com/pkgs/main/win-64/libtiff-4.1.0-h56a325e_0.conda#73c48e2e9c09eaa9a3e2c2986642ba13
https://repo.anaconda.com/pkgs/main/win-64/libxslt-1.1.34-he774522_0.conda#2586b4783b3b62c5daa8a88c9d520274
https://repo.anaconda.com/pkgs/main/win-64/llvmlite-0.36.0-py37h34b8924_4.conda#d01325cb2a953934ab55b26938f71d5c
https://repo.anaconda.com/pkgs/main/win-64/locket-0.2.1-py37haa95532_1.conda#7052e8cb0779596ec41fc529c5fae3e8
https://repo.anaconda.com/pkgs/msys2/win-64/m2w64-gcc-libs-5.3.0-7.tar.bz2#0b9caac6747002340b057a222af705b2
https://repo.anaconda.com/pkgs/main/win-64/markupsafe-1.1.1-py37hfa6e2cd_1.conda#55ab0aff12ed92e933b0e8bfb5824f5f
https://repo.anaconda.com/pkgs/main/win-64/mccabe-0.6.1-py37_1.conda#511fc6b890ee7960d888857f9426d9c3
https://repo.anaconda.com/pkgs/main/win-64/mistune-0.8.4-py37hfa6e2cd_1001.conda#4b66ab9ed38bde049550d158b24159d5
https://repo.anaconda.com/pkgs/main/noarch/more-itertools-8.5.0-py_0.conda#422baf0310fb3da057ee3c33b67a3943
https://repo.anaconda.com/pkgs/main/win-64/msgpack-python-1.0.2-py37h59b6b97_1.conda#eed9abd29639e2eb12a3551b8221a030
https://repo.anaconda.com/pkgs/main/win-64/mypy_extensions-0.4.3-py37_0.conda#579d71ae914dc88adf3f79febd17234e
https://repo.anaconda.com/pkgs/main/noarch/natsort-7.1.1-pyhd3eb1b0_0.conda#f30b3c8d8553e5551c573124b7d8207e
https://repo.anaconda.com/pkgs/main/noarch/nose-1.3.7-pyhd3eb1b0_1006.conda#f7bdb20dcca25f2ec8e330b555cccc7c
https://repo.anaconda.com/pkgs/main/win-64/olefile-0.46-py37_0.conda#5b816e0c9bc88a0c3a779d7004a5ba34
https://repo.anaconda.com/pkgs/main/win-64/pandocfilters-1.4.3-py37haa95532_1.conda#bfe7b12f693802643c368c72139032bf
https://repo.anaconda.com/pkgs/main/noarch/param-1.9.3-py_0.conda#a789e9a8b429af89816342eecfc406de
https://repo.anaconda.com/pkgs/main/noarch/parso-0.8.2-pyhd3eb1b0_0.conda#61b08919ce91e786d6e8c0a413fad2c8
https://repo.anaconda.com/pkgs/main/noarch/pathspec-0.7.0-py_0.conda#948c37b334786989007133a6e07800bc
https://repo.anaconda.com/pkgs/main/noarch/pickleshare-0.7.5-pyhd3eb1b0_1003.conda#4a6363fd8dda664b95f99f7c5aa95abc
https://repo.anaconda.com/pkgs/main/win-64/ply-3.11-py37_0.conda#8d6b24a5d966fe05570e0a6535b0f7f0
https://repo.anaconda.com/pkgs/main/noarch/prometheus_client-0.10.1-pyhd3eb1b0_0.conda#806d64d02b5477f2b008c7b18809601a
https://repo.anaconda.com/pkgs/main/win-64/psutil-5.8.0-py37h2bbff1b_1.conda#ab904021dc29fcc93f0cc005d12f0748
https://repo.anaconda.com/pkgs/main/noarch/py-1.9.0-py_0.conda#957dff9d611d06689dba843f7851d617
https://repo.anaconda.com/pkgs/main/noarch/pycodestyle-2.6.0-pyhd3eb1b0_0.tar.bz2#8961906b08fe24e23a7c44fb6ff7b9d2
https://repo.anaconda.com/pkgs/main/noarch/pycparser-2.20-py_2.conda#fcfeb621c6f895f3562ff01d9d6ce959
https://repo.anaconda.com/pkgs/main/noarch/pyflakes-2.2.0-pyhd3eb1b0_0.tar.bz2#3e74ec64e1d3fbc713bf86f616ad63d8
https://repo.anaconda.com/pkgs/main/noarch/pyparsing-2.4.7-pyhd3eb1b0_0.tar.bz2#b4511d563c82fbfb8be42afb8814b144
https://repo.anaconda.com/pkgs/main/win-64/pyreadline-2.1-py37_1.conda#f074d2e6220c203fb7de0a358d38789d
https://repo.anaconda.com/pkgs/main/win-64/pyrsistent-0.17.3-py37he774522_0.conda#74d70a74d92d9475dbee6f4cf62e0857
https://repo.anaconda.com/pkgs/main/noarch/python-editor-1.0.4-py_0.conda#d95cbbaab596705e9b2606674236f1a6
https://repo.anaconda.com/pkgs/main/noarch/python-graphviz-0.16-pyhd3eb1b0_1.conda#b9352434ce4c4304beec3a848d7307b7
https://conda.anaconda.org/conda-forge/win-64/python_abi-3.7-1_cp37m.tar.bz2#bb3afff19e4ba0165a5f645aa8704717
https://repo.anaconda.com/pkgs/main/noarch/pytz-2021.1-pyhd3eb1b0_0.conda#d245638e438fd69fc77153cf96d97830
https://repo.anaconda.com/pkgs/main/win-64/pywin32-227-py37he774522_1.conda#a7c4cce1108f9dd17ff5a69883ae90f1
https://repo.anaconda.com/pkgs/main/win-64/pyyaml-5.4.1-py37h2bbff1b_1.conda#5cad05d6cfc36df8f3396b4b59b4ed25
https://repo.anaconda.com/pkgs/main/win-64/pyzmq-20.0.0-py37hd77b12b_1.conda#1c0f398c6819cb1b336ed7244faf5005
https://repo.anaconda.com/pkgs/main/win-64/qt-5.9.7-vc14h73c81de_0.conda#7e75d685060b82518c5a5320c2923c12
https://repo.anaconda.com/pkgs/main/win-64/regex-2020.7.14-py37he774522_0.conda#4ed443e6c2d0951793f883853a5945f2
https://repo.anaconda.com/pkgs/main/win-64/ruamel.yaml.clib-0.2.2-py37he774522_0.conda#c9608c45eefa4930f91c7c596d2a3192
https://repo.anaconda.com/pkgs/main/noarch/send2trash-1.5.0-pyhd3eb1b0_1.conda#0e7ec21f7c16d7119c0e465d8868a549
https://repo.anaconda.com/pkgs/main/win-64/sip-4.19.8-py37h6538335_0.conda#659c42185fb375f5f39ba699e1b7a135
https://repo.anaconda.com/pkgs/main/win-64/six-1.15.0-py37haa95532_0.conda#ee410613922ce93a16fb29a7d70ea4b3
https://repo.anaconda.com/pkgs/main/noarch/smmap-3.0.4-py_0.conda#19695d2eafc6a7e7d1d5befd67e8dc03
https://repo.anaconda.com/pkgs/main/noarch/snowballstemmer-2.0.0-pyhd3eb1b0_0.tar.bz2#b9e13babb851ece6bd0f328051892868
https://repo.anaconda.com/pkgs/main/noarch/sortedcontainers-2.2.2-py_0.conda#f5e15e97b0457358e404b446b0b18f80
https://repo.anaconda.com/pkgs/main/noarch/sphinxcontrib-applehelp-1.0.2-pyhd3eb1b0_0.tar.bz2#ac923499f97b9a9ab7c672b27cb2a1a8
https://repo.anaconda.com/pkgs/main/noarch/sphinxcontrib-devhelp-1.0.2-pyhd3eb1b0_0.tar.bz2#bc39c2b70430734b5879d6b504e3311f
https://repo.anaconda.com/pkgs/main/noarch/sphinxcontrib-htmlhelp-1.0.3-pyhd3eb1b0_0.tar.bz2#5d5375b4eb1bf67d838c99276d357e60
https://repo.anaconda.com/pkgs/main/noarch/sphinxcontrib-jsmath-1.0.1-pyhd3eb1b0_0.tar.bz2#e43f8de7d6a717935ab220a0c957771d
https://repo.anaconda.com/pkgs/main/noarch/sphinxcontrib-qthelp-1.0.3-pyhd3eb1b0_0.tar.bz2#08d67f73f640b4d1e5e8890a324b60e3
https://repo.anaconda.com/pkgs/main/noarch/sphinxcontrib-serializinghtml-1.1.4-pyhd3eb1b0_0.tar.bz2#23cb92449262df03f8e93cd185f070cf
https://repo.anaconda.com/pkgs/main/win-64/sqlalchemy-1.3.13-py37he774522_0.conda#138b9b7c0071f409b15269225db87d4c
https://repo.anaconda.com/pkgs/main/noarch/sqlparse-0.4.1-py_0.conda#37d7ee9f32684a1cb15cddaedd15df33
https://repo.anaconda.com/pkgs/main/win-64/tabulate-0.8.7-py37haa95532_0.conda#f0aa08a49c3342e200c399c0371cb1d5
https://repo.anaconda.com/pkgs/main/noarch/tblib-1.7.0-py_0.conda#d36c5472215891b29e1a678b5f382156
https://repo.anaconda.com/pkgs/main/win-64/termcolor-1.1.0-py37haa95532_1.conda#cd847515b7069e67767f30b2bac81632
https://repo.anaconda.com/pkgs/main/noarch/testfixtures-6.14.1-py_0.conda#2f31ead57fe9b3399b4443958fc0d835
https://repo.anaconda.com/pkgs/main/noarch/testpath-0.4.4-pyhd3eb1b0_0.tar.bz2#063b37d548764c4f4a9848bddc525312
https://repo.anaconda.com/pkgs/main/noarch/text-unidecode-1.3-py_0.conda#6cf52550bd71b5aa00a327f253476f27
https://repo.anaconda.com/pkgs/main/noarch/threadpoolctl-2.1.0-pyh5ca1d4c_0.conda#d7fb4986840739d43bfdc97f860464bd
https://repo.anaconda.com/pkgs/main/noarch/toml-0.10.1-py_0.conda#1b644e2153dff00c27514b97d74fbd30
https://repo.anaconda.com/pkgs/main/noarch/toolz-0.11.1-pyhd3eb1b0_0.tar.bz2#00dfc93d10439703a4771d2b6c8624de
https://repo.anaconda.com/pkgs/main/win-64/tornado-6.1-py37h2bbff1b_0.conda#35e44f0ca639dc76e5259e4869eb2123
https://repo.anaconda.com/pkgs/main/noarch/tqdm-4.48.2-py_0.conda#671f8a4d69ea877adce47f1de7fd1a82
https://repo.anaconda.com/pkgs/main/win-64/typed-ast-1.4.1-py37he774522_0.conda#72c6150f274c2b1aca6a8795407ccf10
https://repo.anaconda.com/pkgs/main/noarch/typing_extensions-3.7.4.3-pyh06a4308_0.conda#934f53cad7cc798b1a4c08df403cd2e2
https://repo.anaconda.com/pkgs/main/noarch/unidecode-1.2.0-pyhd3eb1b0_0.conda#139b72f696c02b9eebd60048d242642c
https://repo.anaconda.com/pkgs/main/noarch/waitress-2.0.0-pyhd3eb1b0_0.conda#ddb5c6380f4fcfbbb76c3e76b12c8818
https://repo.anaconda.com/pkgs/main/noarch/wcwidth-0.2.5-py_0.conda#b7c958085cc261c78cf66df14926fafe
https://repo.anaconda.com/pkgs/main/win-64/webencodings-0.5.1-py37_1.conda#b53c5aa97393e65486f5b0ce0cc002ef
https://repo.anaconda.com/pkgs/main/noarch/werkzeug-1.0.1-pyhd3eb1b0_0.tar.bz2#855ae785dd316068d0b6cd3a5a5d2939
https://repo.anaconda.com/pkgs/main/noarch/wheel-0.36.2-pyhd3eb1b0_0.conda#31029affc034e8c7203202417cebd157
https://repo.anaconda.com/pkgs/main/win-64/win_inet_pton-1.1.0-py37haa95532_0.conda#0f9d89066845fed34c60f71dbc792f4c
https://repo.anaconda.com/pkgs/main/win-64/wincertstore-0.2-py37_0.conda#d1028822b9bd55d63172d7a8881b2b00
https://repo.anaconda.com/pkgs/main/noarch/xlrd-2.0.1-pyhd3eb1b0_0.conda#a1b5a33a6098c182d359ecf7d73da6e1
https://repo.anaconda.com/pkgs/main/noarch/zipp-3.4.1-pyhd3eb1b0_0.conda#0c647479e59d235ee8bfaca0689b4eba
https://repo.anaconda.com/pkgs/main/noarch/babel-2.8.0-py_0.conda#501ac10d20577fa3931e5385d329d785
https://repo.anaconda.com/pkgs/main/noarch/black-19.10b0-py_0.conda#dda9c1964ca705ed9dc055eb3a3d813a
https://repo.anaconda.com/pkgs/main/win-64/cffi-1.14.5-py37hcd4344a_0.conda#9f774a03a01528572593911d1e0ae6eb
https://repo.anaconda.com/pkgs/main/win-64/curl-7.71.1-h2a8f88b_1.conda#e80f406a3fea9cefd7b547ea4bd45244
https://repo.anaconda.com/pkgs/main/win-64/cycler-0.10.0-py37_0.conda#de8b76c6754d1e1b01fb44ed30557d18
https://repo.anaconda.com/pkgs/main/win-64/cytoolz-0.11.0-py37he774522_0.conda#2f837bebd4235c90eeaa76d7e852845b
https://repo.anaconda.com/pkgs/main/noarch/docker-pycreds-0.4.0-py_0.conda#1d1ef95879c5af62abd21fde78953d2f
https://repo.anaconda.com/pkgs/main/noarch/gitdb-4.0.5-py_0.conda#8112953c73b47110fcf71e7970266828
https://repo.anaconda.com/pkgs/main/noarch/hypothesis-5.20.3-py_0.conda#9c30fcaf67c4f7bdd0845a01505cd1b6
https://repo.anaconda.com/pkgs/main/win-64/importlib-metadata-3.10.0-py37haa95532_0.conda#4868302c09081e8d0495df0b382dfdc4
https://repo.anaconda.com/pkgs/main/noarch/isodate-0.6.0-py_1.conda#88b692e1aa5bb2af60a7c80c6438df85
https://repo.anaconda.com/pkgs/main/win-64/jedi-0.17.0-py37_0.conda#ab7191430dcff58b4bc0e9dfd7566bcb
https://repo.anaconda.com/pkgs/main/noarch/jsonpatch-1.32-pyhd3eb1b0_0.conda#ce3c2233a0823c4c25aba6843b05d19d
https://repo.anaconda.com/pkgs/main/win-64/lxml-4.6.1-py37h1350720_0.conda#98e687888f00492ae01d8830296ef7db
https://repo.anaconda.com/pkgs/msys2/win-64/m2w64-bzip2-1.0.6-6.tar.bz2#60afaba2eb6b9bdafd93185593726539
https://repo.anaconda.com/pkgs/msys2/win-64/m2w64-tools-git-5.0.0.4592.90b8472-2.tar.bz2#8ada3aa694b8f70b7388e8a2cd04e4c4
https://repo.anaconda.com/pkgs/main/noarch/mako-1.1.4-pyhd3eb1b0_0.conda#3b07339c1ed54e3ec3f8f1b6699b163d
https://repo.anaconda.com/pkgs/main/win-64/mkl-service-2.3.0-py37h196d8e1_0.conda#8565b2894a0dc6a9be979ff4b00667e5
https://repo.anaconda.com/pkgs/main/win-64/multipledispatch-0.6.0-py37_0.conda#261a8044765a36218e6c30085d269f46
https://repo.anaconda.com/pkgs/main/noarch/packaging-20.9-pyhd3eb1b0_0.conda#ef4f0064540c6aa810659232158829a9
https://repo.anaconda.com/pkgs/main/noarch/partd-1.2.0-pyhd3eb1b0_0.conda#18acaf563820aea10c11d925e0bddfb4
https://repo.anaconda.com/pkgs/main/win-64/pillow-8.2.0-py37h4fa10fc_0.conda#a9caef51c28be66bf134cff14592add9
https://conda.anaconda.org/conda-forge/noarch/pockets-0.9.1-py_0.tar.bz2#1b52f0c42e8077e5a33e00fe72269364
https://repo.anaconda.com/pkgs/main/noarch/prompt-toolkit-3.0.17-pyh06a4308_0.conda#fe48d5488d6bc444ad0d4b8b85995fb8
https://repo.anaconda.com/pkgs/main/noarch/pydocstyle-5.1.1-py_0.conda#85ab549f2e5686b48a67683f7f429750
https://repo.anaconda.com/pkgs/main/win-64/pyqt-5.9.2-py37h6538335_2.conda#d568ff3aac8ed5ca3d081887faed430a
https://repo.anaconda.com/pkgs/main/win-64/pysocks-1.7.1-py37_1.conda#db3bc81cca4f15e8d8430aa281ae0b97
https://repo.anaconda.com/pkgs/main/noarch/python-dateutil-2.8.1-pyhd3eb1b0_0.tar.bz2#9d1d5d6ada176b66b5ca6d420e1f414f
https://repo.anaconda.com/pkgs/main/noarch/python-slugify-3.0.4-py_0.conda#f9df742ba464a0c7ef71c6c54960d938
https://repo.anaconda.com/pkgs/main/noarch/pyviz_comms-2.0.1-pyhd3eb1b0_0.conda#31a41921461dd3b08aec2a68f86e6460
https://repo.anaconda.com/pkgs/main/win-64/pywinpty-0.5.7-py37_0.conda#1406ca033fc9216eabec43ed68d81dc5
https://repo.anaconda.com/pkgs/main/win-64/setuptools-52.0.0-py37haa95532_0.conda#b460d93710b38b39d1738658564cc4c3
https://repo.anaconda.com/pkgs/main/noarch/singledispatch-3.6.1-pyhd3eb1b0_1001.conda#22888c9033839d6d2b2723419526b351
https://repo.anaconda.com/pkgs/main/noarch/traitlets-5.0.5-pyhd3eb1b0_0.tar.bz2#dea22b1a398fde6306c02919eadf0c78
https://repo.anaconda.com/pkgs/main/noarch/typing-extensions-3.7.4.3-hd3eb1b0_0.conda#5d9911cb92d42667954318425b1f93e9
https://repo.anaconda.com/pkgs/main/win-64/tzlocal-2.1-py37_0.conda#aef015ecea9931c376e5cceccd56af23
https://repo.anaconda.com/pkgs/main/win-64/websocket-client-0.58.0-py37haa95532_4.conda#d58f7b664e3f009bc12fb0ac4f30d1ff
https://repo.anaconda.com/pkgs/main/noarch/zict-2.0.0-pyhd3eb1b0_0.tar.bz2#65a8a82839c60f1101cde031c29b6677
https://repo.anaconda.com/pkgs/main/noarch/alembic-1.5.8-pyhd3eb1b0_0.conda#e4f71313e4a9d73c28c7049f95f4b297
https://repo.anaconda.com/pkgs/main/win-64/argon2-cffi-20.1.0-py37h2bbff1b_1.conda#dabc95b71bb8f0c88f2eaf83240cbd71
https://repo.anaconda.com/pkgs/main/noarch/bleach-3.3.0-pyhd3eb1b0_0.conda#af085436e6a87760b991523448c957f6
https://repo.anaconda.com/pkgs/main/win-64/brotlipy-0.7.0-py37h2bbff1b_1003.conda#ffbb6e1c6819181abfd4256b83a2199d
https://repo.anaconda.com/pkgs/main/win-64/cryptography-3.4.7-py37h71e12ea_0.conda#9dcf57841d12211357ad4e59cded2272
https://repo.anaconda.com/pkgs/main/noarch/dask-core-2021.4.0-pyhd3eb1b0_0.conda#2eaedb513e9a96b38e65074a1f0daa28
https://conda.anaconda.org/conda-forge/noarch/dparse-0.5.1-py_0.tar.bz2#a3148bd94a6d6ffb4a694c739eab6121
https://repo.anaconda.com/pkgs/main/noarch/flake8-3.8.3-pyhd3eb1b0_0.tar.bz2#6d2ffb330f0ffaec355284cf60dc7ebf
https://repo.anaconda.com/pkgs/main/noarch/gitpython-3.1.3-py_1.conda#f7ca6dc211ebf5807b7f4c21b378dd8c
https://repo.anaconda.com/pkgs/main/noarch/importlib_metadata-3.10.0-hd3eb1b0_0.conda#e88ee7c6f1e7faf52d9d16f5720d467e
https://repo.anaconda.com/pkgs/main/win-64/isort-4.3.21-py37_0.conda#e9317f1924910883fa3bf9a4876c9a13
https://repo.anaconda.com/pkgs/main/noarch/jinja2-2.11.3-pyhd3eb1b0_0.conda#ca09ae9e8fd75176f050af93410ef8ac
https://repo.anaconda.com/pkgs/main/noarch/joblib-1.0.1-pyhd3eb1b0_0.conda#27f437079d0608383b5a5347a84621ac
https://repo.anaconda.com/pkgs/main/win-64/jupyter_core-4.7.1-py37haa95532_0.conda#eb340ba64ea884204358efc0bf22b77e
https://repo.anaconda.com/pkgs/main/win-64/libnetcdf-4.7.3-h1302dcc_0.conda#9cb081464783032528591ff3cb49a650
https://repo.anaconda.com/pkgs/msys2/win-64/m2w64-zlib-1.2.8-10.tar.bz2#0485dc8f4d06b8f59d1a280059b11cb9
https://repo.anaconda.com/pkgs/main/win-64/markdown-3.3.4-py37haa95532_0.conda#221151a48bdcf116bd2fe42181d20884
https://repo.anaconda.com/pkgs/main/noarch/networkx-2.5-py_0.conda#1e742e2128438ffefb4e0284873d1298
https://repo.anaconda.com/pkgs/main/win-64/numpy-base-1.19.1-py37ha3acd2a_0.conda#372b16a0407764cbba3c2b4d123180d7
https://repo.anaconda.com/pkgs/main/win-64/pip-20.2.2-py37haa95532_0.conda#bfe7e9a018e5280ce0a3f862e15c1eda
https://repo.anaconda.com/pkgs/main/win-64/protobuf-3.11.2-py37h33f27b4_0.conda#777189e68bc712117bd68d749a87d963
https://repo.anaconda.com/pkgs/main/noarch/pygments-2.8.1-pyhd3eb1b0_0.conda#a82ee5f18dc1890d29b33d5e17d91a5d
https://repo.anaconda.com/pkgs/main/noarch/pyutilib-6.0.0-py_1.conda#ab52e3d97ca9e8f25109a0565ae4b4fe
https://repo.anaconda.com/pkgs/main/win-64/ruamel.yaml-0.16.12-py37he774522_1.conda#48bfafb0733158945101b126fd74c928
https://conda.anaconda.org/conda-forge/noarch/sphinxcontrib-napoleon-0.7-py_0.tar.bz2#0bc25ff6f2e34af63ded59692df5f749
https://conda.anaconda.org/conda-forge/noarch/stopit-1.1.2-py_0.tar.bz2#a07ae164291cd456aa3012f44654a950
https://repo.anaconda.com/pkgs/main/win-64/terminado-0.9.4-py37haa95532_0.conda#7df17f09d8bcef70d9b1b441335b1d11
https://repo.anaconda.com/pkgs/main/win-64/distributed-2021.4.0-py37haa95532_0.conda#2de4ecd496177fcc2b951ec8c43df12d
https://conda.anaconda.org/conda-forge/noarch/flake8-black-0.2.1-py_0.tar.bz2#fa252318d945d71944efcfdca99aaf25
https://conda.anaconda.org/conda-forge/noarch/flake8-docstrings-1.5.0-py_0.tar.bz2#0481579d310f2cc9565660e1f78dce70
https://conda.anaconda.org/conda-forge/noarch/flake8-isort-3.0.1-pyh9f0ad1d_0.tar.bz2#81943195b92b2df111a6efe1c1979d24
https://repo.anaconda.com/pkgs/main/noarch/flask-1.1.2-pyhd3eb1b0_0.tar.bz2#eee9d2de0a27685197801b09c37b4762
https://repo.anaconda.com/pkgs/main/win-64/ipython-7.22.0-py37hd4e2768_0.conda#9eef134ac5b7aaef660cce381359f5db
https://repo.anaconda.com/pkgs/main/noarch/jsonschema-3.2.0-py_2.conda#9b1f6a78ee7c1a42b37d32981052592d
https://repo.anaconda.com/pkgs/main/noarch/jupyter_client-6.1.12-pyhd3eb1b0_0.conda#080d92e7c1858dd232eda21025bdff9f
https://repo.anaconda.com/pkgs/msys2/win-64/m2w64-binutils-2.25.1-5.tar.bz2#f2b61e7d99d4d561ea0637b2e005c664
https://repo.anaconda.com/pkgs/main/noarch/pbr-5.5.0-py_0.conda#e3831b5958cc1d175cdbf003b438d966
https://repo.anaconda.com/pkgs/main/win-64/pluggy-0.13.1-py37haa95532_0.conda#2e3eecd77e964280166416da3d8b8990
https://repo.anaconda.com/pkgs/main/win-64/pyjwt-1.7.1-py37_0.conda#691705499b60e62345efbb136695806f
https://conda.anaconda.org/conda-forge/win-64/pyomo-5.7-py37h1834ac0_2.tar.bz2#33f3f564ba272b0975107a67fb3e2eab
https://repo.anaconda.com/pkgs/main/noarch/pyopenssl-20.0.1-pyhd3eb1b0_1.conda#ac62ddccf2e89f7a35867b2478a278af
https://repo.anaconda.com/pkgs/main/win-64/ipykernel-5.3.4-py37h5ca1d4c_0.conda#fb10a7bbfadfd7f171eb816b3511e055
https://repo.anaconda.com/pkgs/msys2/win-64/m2w64-gcc-5.3.0-6.tar.bz2#865c2d6acc394a79ba4f75dcba57c8a8
https://repo.anaconda.com/pkgs/main/noarch/nbformat-5.0.7-py_0.conda#a79a6b8519be83d6fcc541b73d6b9135
https://repo.anaconda.com/pkgs/main/noarch/oauthlib-3.1.0-py_0.conda#c17d4f150993bb3181a2bb4d0b3fdeef
https://conda.anaconda.org/conda-forge/noarch/prometheus_flask_exporter-0.18.2-pyhd8ed1ab_0.tar.bz2#33aa7adbda502fb38f2b6d620ed17946
https://repo.anaconda.com/pkgs/main/win-64/pytest-6.0.1-py37_0.conda#e650396b53a21c23f8571320e2b760ec
https://conda.anaconda.org/conda-forge/win-64/stevedore-3.2.2-py37hc8dfbb8_1.tar.bz2#e23df1254791271d6984a87903867b4a
https://repo.anaconda.com/pkgs/main/noarch/urllib3-1.25.11-py_0.conda#dfa55e29cfa4aa8ec1190cb0e4d14c2f
https://conda.anaconda.org/conda-forge/win-64/bandit-1.6.2-py37hc8dfbb8_2.tar.bz2#5c4db57e452267010b1ff2e742a72144
https://repo.anaconda.com/pkgs/msys2/win-64/m2w64-gcc-ada-5.3.0-6.tar.bz2#f26f8df3fa9da66e6207f8fd7fc2039a
https://repo.anaconda.com/pkgs/msys2/win-64/m2w64-gcc-fortran-5.3.0-6.tar.bz2#44f20e14a2f26fdc2451d32bcaaa34b7
https://repo.anaconda.com/pkgs/msys2/win-64/m2w64-gcc-objc-5.3.0-6.tar.bz2#4fce67b667d7ec47c1e5ff5ee8126fd0
https://repo.anaconda.com/pkgs/main/win-64/nbconvert-5.6.1-py37_1.conda#3c80dc5d66bdced9de765d9f738636f4
https://repo.anaconda.com/pkgs/main/win-64/requests-2.23.0-py37_0.conda#8b71e8a5d34460f649a164fe13a9ed31
https://conda.anaconda.org/conda-forge/noarch/azure-core-1.12.0-pyhd8ed1ab_0.tar.bz2#42b110275cbb812775187ed80324c44d
https://conda.anaconda.org/conda-forge/noarch/databricks-cli-0.9.1-py_0.tar.bz2#2d915ea924bf43d56df9bc4fece12e4d
https://repo.anaconda.com/pkgs/main/win-64/docker-py-4.4.1-py37haa95532_5.conda#912ffe35d1b63985ed5a0b11d43e603a
https://repo.anaconda.com/pkgs/msys2/win-64/m2w64-toolchain-5.3.0-7.tar.bz2#3d3391517581aedb84bd2e3a34698fc8
https://repo.anaconda.com/pkgs/main/win-64/notebook-6.3.0-py37haa95532_0.conda#22939140eaa37851192fdbde60a3aa2e
https://repo.anaconda.com/pkgs/main/win-64/pyct-0.4.8-py37_0.conda#4c871c24fed9544f964ae5372edf4edc
https://conda.anaconda.org/conda-forge/noarch/querystring_parser-1.2.4-py_0.tar.bz2#0ebdca9b753c2e082e5b5ad06aa76b41
https://repo.anaconda.com/pkgs/main/noarch/requests-oauthlib-1.3.0-py_0.conda#a889394d246d3d475ced7df1314abdaa
https://conda.anaconda.org/conda-forge/noarch/safety-1.9.0-py_0.tar.bz2#ba6c64251a89cc6cd2ad23fdfee9d663
https://repo.anaconda.com/pkgs/main/noarch/sphinx-3.2.1-py_0.conda#19ee7108f3236de1713379259e4b95ab
https://conda.anaconda.org/conda-forge/noarch/update_checker-0.18.0-pyh9f0ad1d_0.tar.bz2#a8dff3f315bd2ffe9f5ac2ff0501b2ac
https://repo.anaconda.com/pkgs/main/noarch/colorcet-2.0.6-pyhd3eb1b0_0.conda#4312e829ecde2bfbe23dd174085b45bf
https://repo.anaconda.com/pkgs/main/noarch/jupyterlab_server-1.2.0-py_0.conda#dbf166cd2dbf602281afc84feb4bae75
https://conda.anaconda.org/conda-forge/noarch/msrest-0.6.21-pyh44b312d_0.tar.bz2#1d2ea1f71147bd5ed5222a9f0d6df946
https://conda.anaconda.org/conda-forge/noarch/nbsphinx-0.7.1-pyh9f0ad1d_0.tar.bz2#a3bb68f9b460d4ad7854269df5e93657
https://repo.anaconda.com/pkgs/main/win-64/widgetsnbextension-3.5.1-py37_0.conda#33cea23585dd79dc7efba3f02af87881
https://conda.anaconda.org/conda-forge/noarch/azure-storage-blob-12.8.1-pyhd8ed1ab_0.tar.bz2#5638a85e78c4bf342f96f4e4021e56cf
https://repo.anaconda.com/pkgs/main/noarch/ipywidgets-7.6.3-pyhd3eb1b0_1.conda#7a84479f991f15f3f960953540f2eac2
https://repo.anaconda.com/pkgs/main/noarch/jupyterlab-2.2.6-pyhd3eb1b0_1.conda#61361c78bd8ca78fb4c0358453d24341
https://conda.anaconda.org/conda-forge/win-64/deap-1.3.1-py37h08fd248_2.tar.bz2#6894a3405b0bddba61fbc74f027854a3
https://repo.anaconda.com/pkgs/main/noarch/imageio-2.9.0-pyhd3eb1b0_0.conda#4f1d37bdc3afdb2d237fd9b6b920ec3d
https://repo.anaconda.com/pkgs/main/noarch/panel-0.9.7-py_0.conda#474a77c5da2844e8a7fbdf2de3d43fda
https://repo.anaconda.com/pkgs/main/win-64/arrow-cpp-0.15.1-py37h47fa567_6.conda#dccdb3443239a7835c437b8b1135cca0
https://repo.anaconda.com/pkgs/main/win-64/bokeh-2.2.3-py37_0.conda#823459ac84e2df25fd8a948405c367ea
https://repo.anaconda.com/pkgs/main/win-64/cftime-1.4.1-py37h080aedc_0.conda#5c96c382292dc9e8468d29d58edabd73
https://repo.anaconda.com/pkgs/main/win-64/datashape-0.5.4-py37haa95532_1.conda#5a28444830a15e9ba42b45441ebc63d0
https://repo.anaconda.com/pkgs/main/win-64/h5py-2.10.0-py37h5e291fa_0.conda#5a6576a7189680cb04a32f26503e3aa6
https://repo.anaconda.com/pkgs/main/win-64/matplotlib-3.3.4-py37haa95532_0.conda#479eb9c6c6399edae48a11617bd9dd83
https://repo.anaconda.com/pkgs/main/win-64/matplotlib-base-3.3.4-py37h49ac443_0.conda#a93ac9400c5cbb232d1cd1b8c3a63963
https://repo.anaconda.com/pkgs/main/win-64/mkl_fft-1.3.0-py37h46781fe_0.conda#c6364b69fedf27a50952580913d49b48
https://repo.anaconda.com/pkgs/main/win-64/mkl_random-1.1.1-py37h47e9c7a_0.conda#ee5025d4fb89c7e3fc2ca69fd140412e
https://repo.anaconda.com/pkgs/main/win-64/numpy-1.19.1-py37h5510c5b_0.conda#38245e29fb8db1a84c599c27fdff4452
https://repo.anaconda.com/pkgs/main/win-64/netcdf4-1.5.3-py37h012c1a0_0.conda#0f0d6114ab02908d64fe3336689a41ec
https://repo.anaconda.com/pkgs/main/win-64/numba-0.53.0-py37hf11a4ad_0.conda#53f22e91aeac21b4e0f3162d2ed442c5
https://repo.anaconda.com/pkgs/main/win-64/pandas-1.0.5-py37h47e9c7a_0.conda#e475a377f924a0b9458321b9558c23d2
https://repo.anaconda.com/pkgs/main/win-64/pygpu-0.7.6-py37h2a96729_0.conda#6d63ff396bd617dca8227a511079ece9
https://repo.anaconda.com/pkgs/main/win-64/pywavelets-1.1.1-py37he774522_2.conda#7faca7860635e675d2d945093ad8ab70
https://repo.anaconda.com/pkgs/main/win-64/scipy-1.5.2-py37h9439919_0.conda#12faf39a3051cbd8325a3d61f756e1fe
https://repo.anaconda.com/pkgs/main/win-64/tifffile-2020.10.1-py37h8c2d366_2.conda#844ffb0cdf99a77cdfae039c313e7c4b
https://repo.anaconda.com/pkgs/main/noarch/altair-4.1.0-py_1.conda#030803b7148f93400f0909690d9eeee7
https://repo.anaconda.com/pkgs/main/noarch/dask-2021.4.0-pyhd3eb1b0_0.conda#28944d271b273a485f4ebfac59825735
https://repo.anaconda.com/pkgs/main/noarch/holoviews-1.13.4-py_0.conda#b6372a1321c2c3697554013fcd41f344
https://conda.anaconda.org/conda-forge/win-64/mlflow-1.10.0-py37hc8dfbb8_0.tar.bz2#0385451aa0dcbe72ffdf363ebf630aa3
https://repo.anaconda.com/pkgs/main/win-64/patsy-0.5.1-py37_0.conda#96c3f43b5c19a943c6a28b9033dcee0b
https://repo.anaconda.com/pkgs/main/win-64/pyarrow-0.15.1-py37h47e9c7a_0.conda#fc74847f0f19bf7cec5fb0718825d77d
https://repo.anaconda.com/pkgs/main/win-64/scikit-image-0.18.1-py37hf11a4ad_0.conda#15080fc81cab98093588f6cd526fe507
https://repo.anaconda.com/pkgs/main/win-64/scikit-learn-0.23.2-py37h47e9c7a_0.conda#6b6a9bafc44f924e8e2492c5063e1a7a
https://repo.anaconda.com/pkgs/main/noarch/seaborn-0.10.1-py_0.conda#18bc55951f8ff66dd3a1baaca8bd6234
https://repo.anaconda.com/pkgs/main/win-64/theano-1.0.4-py37_0.conda#2691424b9b7031a758d18c0b53b9c49e
https://repo.anaconda.com/pkgs/main/noarch/xarray-0.17.0-pyhd3eb1b0_0.conda#8702480113641ff680e55c3e70f78ea3
https://conda.anaconda.org/conda-forge/noarch/arviz-0.10.0-py_0.tar.bz2#ae3580e07995e656a6935c7224597b8a
https://repo.anaconda.com/pkgs/main/noarch/datashader-0.11.1-py_0.conda#4609b66eaaaf548538a57afe5086d9ca
https://conda.anaconda.org/conda-forge/noarch/eli5-0.10.1-py_2.tar.bz2#539271085165d55ea796c626119ec061
https://conda.anaconda.org/conda-forge/win-64/great-expectations-0.13.4-py37h03978a9_0.tar.bz2#e21182503831d0acc532ce65d4b21f20
https://repo.anaconda.com/pkgs/main/noarch/hvplot-0.6.0-py_1.conda#2655afb9c0580f15bbf706514c49747f
https://conda.anaconda.org/conda-forge/noarch/mlxtend-0.17.3-pyh9f0ad1d_0.tar.bz2#cc45686e8c499cc79c107f488362dce2
https://conda.anaconda.org/conda-forge/noarch/pandas-flavor-0.2.0-py_0.tar.bz2#4e7641376dbfc2ca5abff209273ed37c
https://conda.anaconda.org/conda-forge/win-64/shap-0.35.0-py37h3bbf574_0.tar.bz2#669859c058006d471bc467b722211ca0
https://repo.anaconda.com/pkgs/main/win-64/statsmodels-0.11.1-py37he774522_0.conda#a5d9e10fbd84ba1436158fa7fa650095
https://conda.anaconda.org/conda-forge/noarch/tpot-0.11.5-pyh9f0ad1d_0.tar.bz2#ff4375f2c89dafeddcff1150ceec5bbe
https://conda.anaconda.org/conda-forge/noarch/yellowbrick-1.1-pyh9f0ad1d_0.tar.bz2#bd384f6c42307722b6759972b6cdc175
https://conda.anaconda.org/conda-forge/noarch/category_encoders-2.2.2-py_0.tar.bz2#3f6068cd7fdf1689132762733b64d608
https://conda.anaconda.org/conda-forge/noarch/pyjanitor-0.20.9-py_0.tar.bz2#9ce286d4d23721539ecbe7271f51afc3
https://conda.anaconda.org/conda-forge/noarch/pymc3-3.9.3-py_1.tar.bz2#fe19be4a793fc04f9ed75d0e784af214
